
Microsoft Visual Studio Solution File, Format Version 12.00
# Visual Studio Version 17
VisualStudioVersion = 17.0.31903.59
MinimumVisualStudioVersion = 10.0.40219.1
Project("{8BC9CEB8-8B4A-11D0-8D11-00A0C91BC942}") = "LR-6-1", "LR-6\LR-6.vcxproj", "{8D1BF67D-2ADB-43E0-8A42-7D8FB4BC2A6A}"
EndProject
Project("{8BC9CEB8-8B4A-11D0-8D11-00A0C91BC942}") = "LR-6-2", "LR-6-2\LR-6-2.vcxproj", "{5ED37A8B-BC7E-463E-9CE3-F146F7C3E261}"
EndProject
Project("{8BC9CEB8-8B4A-11D0-8D11-00A0C91BC942}") = "LR-6-3", "LR-6-3\LR-6-3.vcxproj", "{4961AFC3-EA1D-48AD-94D4-0B46554465CE}"
EndProject
Project("{8BC9CEB8-8B4A-11D0-8D11-00A0C91BC942}") = "LR-6-4", "LR-6-4\LR-6-4.vcxproj", "{CED7B58E-11CE-49B3-9906-A58572B2C59A}"
EndProject
Project("{8BC9CEB8-8B4A-11D0-8D11-00A0C91BC942}") = "LR-6-7", "LR-6-7\LR-6-7.vcxproj", "{5FD4E9BB-89A1-44D4-B5FA-0B31AD203EE4}"
EndProject
Project("{8BC9CEB8-8B4A-11D0-8D11-00A0C91BC942}") = "LR-6-5", "LR-6-5\LR-6-5.vcxproj", "{500B6BC5-9A88-4244-9903-10FBC0AFE9FD}"
EndProject
Project("{8BC9CEB8-8B4A-11D0-8D11-00A0C91BC942}") = "LR-6-8", "LR-6-8\LR-6-8.vcxproj", "{495BAB9D-4A6D-4586-B111-5CA3CFDE1874}"
EndProject
Project("{8BC9CEB8-8B4A-11D0-8D11-00A0C91BC942}") = "LR-6-6", "LR-6-6\LR-6-6.vcxproj", "{6FB493FF-DE8A-4A78-A1E0-C0CE55AA47AC}"
EndProject
Project("{8BC9CEB8-8B4A-11D0-8D11-00A0C91BC942}") = "LR-6-9", "LR-6-9\LR-6-9.vcxproj", "{95B7E74A-5542-444D-9D3D-2B526DF41BC3}"
EndProject
Global
	GlobalSection(SolutionConfigurationPlatforms) = preSolution
		Debug|x64 = Debug|x64
		Debug|x86 = Debug|x86
		Release|x64 = Release|x64
		Release|x86 = Release|x86
	EndGlobalSection
	GlobalSection(ProjectConfigurationPlatforms) = postSolution
		{8D1BF67D-2ADB-43E0-8A42-7D8FB4BC2A6A}.Debug|x64.ActiveCfg = Debug|x64
		{8D1BF67D-2ADB-43E0-8A42-7D8FB4BC2A6A}.Debug|x64.Build.0 = Debug|x64
		{8D1BF67D-2ADB-43E0-8A42-7D8FB4BC2A6A}.Debug|x86.ActiveCfg = Debug|Win32
		{8D1BF67D-2ADB-43E0-8A42-7D8FB4BC2A6A}.Debug|x86.Build.0 = Debug|Win32
		{8D1BF67D-2ADB-43E0-8A42-7D8FB4BC2A6A}.Release|x64.ActiveCfg = Release|x64
		{8D1BF67D-2ADB-43E0-8A42-7D8FB4BC2A6A}.Release|x64.Build.0 = Release|x64
		{8D1BF67D-2ADB-43E0-8A42-7D8FB4BC2A6A}.Release|x86.ActiveCfg = Release|Win32
		{8D1BF67D-2ADB-43E0-8A42-7D8FB4BC2A6A}.Release|x86.Build.0 = Release|Win32
		{5ED37A8B-BC7E-463E-9CE3-F146F7C3E261}.Debug|x64.ActiveCfg = Debug|x64
		{5ED37A8B-BC7E-463E-9CE3-F146F7C3E261}.Debug|x64.Build.0 = Debug|x64
		{5ED37A8B-BC7E-463E-9CE3-F146F7C3E261}.Debug|x86.ActiveCfg = Debug|Win32
		{5ED37A8B-BC7E-463E-9CE3-F146F7C3E261}.Debug|x86.Build.0 = Debug|Win32
		{5ED37A8B-BC7E-463E-9CE3-F146F7C3E261}.Release|x64.ActiveCfg = Release|x64
		{5ED37A8B-BC7E-463E-9CE3-F146F7C3E261}.Release|x64.Build.0 = Release|x64
		{5ED37A8B-BC7E-463E-9CE3-F146F7C3E261}.Release|x86.ActiveCfg = Release|Win32
		{5ED37A8B-BC7E-463E-9CE3-F146F7C3E261}.Release|x86.Build.0 = Release|Win32
		{4961AFC3-EA1D-48AD-94D4-0B46554465CE}.Debug|x64.ActiveCfg = Debug|x64
		{4961AFC3-EA1D-48AD-94D4-0B46554465CE}.Debug|x64.Build.0 = Debug|x64
		{4961AFC3-EA1D-48AD-94D4-0B46554465CE}.Debug|x86.ActiveCfg = Debug|Win32
		{4961AFC3-EA1D-48AD-94D4-0B46554465CE}.Debug|x86.Build.0 = Debug|Win32
		{4961AFC3-EA1D-48AD-94D4-0B46554465CE}.Release|x64.ActiveCfg = Release|x64
		{4961AFC3-EA1D-48AD-94D4-0B46554465CE}.Release|x64.Build.0 = Release|x64
		{4961AFC3-EA1D-48AD-94D4-0B46554465CE}.Release|x86.ActiveCfg = Release|Win32
		{4961AFC3-EA1D-48AD-94D4-0B46554465CE}.Release|x86.Build.0 = Release|Win32
		{CED7B58E-11CE-49B3-9906-A58572B2C59A}.Debug|x64.ActiveCfg = Debug|x64
		{CED7B58E-11CE-49B3-9906-A58572B2C59A}.Debug|x64.Build.0 = Debug|x64
		{CED7B58E-11CE-49B3-9906-A58572B2C59A}.Debug|x86.ActiveCfg = Debug|Win32
		{CED7B58E-11CE-49B3-9906-A58572B2C59A}.Debug|x86.Build.0 = Debug|Win32
		{CED7B58E-11CE-49B3-9906-A58572B2C59A}.Release|x64.ActiveCfg = Release|x64
		{CED7B58E-11CE-49B3-9906-A58572B2C59A}.Release|x64.Build.0 = Release|x64
		{CED7B58E-11CE-49B3-9906-A58572B2C59A}.Release|x86.ActiveCfg = Release|Win32
		{CED7B58E-11CE-49B3-9906-A58572B2C59A}.Release|x86.Build.0 = Release|Win32
		{5FD4E9BB-89A1-44D4-B5FA-0B31AD203EE4}.Debug|x64.ActiveCfg = Debug|x64
		{5FD4E9BB-89A1-44D4-B5FA-0B31AD203EE4}.Debug|x64.Build.0 = Debug|x64
		{5FD4E9BB-89A1-44D4-B5FA-0B31AD203EE4}.Debug|x86.ActiveCfg = Debug|Win32
		{5FD4E9BB-89A1-44D4-B5FA-0B31AD203EE4}.Debug|x86.Build.0 = Debug|Win32
		{5FD4E9BB-89A1-44D4-B5FA-0B31AD203EE4}.Release|x64.ActiveCfg = Release|x64
		{5FD4E9BB-89A1-44D4-B5FA-0B31AD203EE4}.Release|x64.Build.0 = Release|x64
		{5FD4E9BB-89A1-44D4-B5FA-0B31AD203EE4}.Release|x86.ActiveCfg = Release|Win32
		{5FD4E9BB-89A1-44D4-B5FA-0B31AD203EE4}.Release|x86.Build.0 = Release|Win32
		{500B6BC5-9A88-4244-9903-10FBC0AFE9FD}.Debug|x64.ActiveCfg = Debug|x64
		{500B6BC5-9A88-4244-9903-10FBC0AFE9FD}.Debug|x64.Build.0 = Debug|x64
		{500B6BC5-9A88-4244-9903-10FBC0AFE9FD}.Debug|x86.ActiveCfg = Debug|Win32
		{500B6BC5-9A88-4244-9903-10FBC0AFE9FD}.Debug|x86.Build.0 = Debug|Win32
		{500B6BC5-9A88-4244-9903-10FBC0AFE9FD}.Release|x64.ActiveCfg = Release|x64
		{500B6BC5-9A88-4244-9903-10FBC0AFE9FD}.Release|x64.Build.0 = Release|x64
		{500B6BC5-9A88-4244-9903-10FBC0AFE9FD}.Release|x86.ActiveCfg = Release|Win32
		{500B6BC5-9A88-4244-9903-10FBC0AFE9FD}.Release|x86.Build.0 = Release|Win32
		{495BAB9D-4A6D-4586-B111-5CA3CFDE1874}.Debug|x64.ActiveCfg = Debug|x64
		{495BAB9D-4A6D-4586-B111-5CA3CFDE1874}.Debug|x64.Build.0 = Debug|x64
		{495BAB9D-4A6D-4586-B111-5CA3CFDE1874}.Debug|x86.ActiveCfg = Debug|Win32
		{495BAB9D-4A6D-4586-B111-5CA3CFDE1874}.Debug|x86.Build.0 = Debug|Win32
		{495BAB9D-4A6D-4586-B111-5CA3CFDE1874}.Release|x64.ActiveCfg = Release|x64
		{495BAB9D-4A6D-4586-B111-5CA3CFDE1874}.Release|x64.Build.0 = Release|x64
		{495BAB9D-4A6D-4586-B111-5CA3CFDE1874}.Release|x86.ActiveCfg = Release|Win32
		{495BAB9D-4A6D-4586-B111-5CA3CFDE1874}.Release|x86.Build.0 = Release|Win32
		{6FB493FF-DE8A-4A78-A1E0-C0CE55AA47AC}.Debug|x64.ActiveCfg = Debug|x64
		{6FB493FF-DE8A-4A78-A1E0-C0CE55AA47AC}.Debug|x64.Build.0 = Debug|x64
		{6FB493FF-DE8A-4A78-A1E0-C0CE55AA47AC}.Debug|x86.ActiveCfg = Debug|Win32
		{6FB493FF-DE8A-4A78-A1E0-C0CE55AA47AC}.Debug|x86.Build.0 = Debug|Win32
		{6FB493FF-DE8A-4A78-A1E0-C0CE55AA47AC}.Release|x64.ActiveCfg = Release|x64
		{6FB493FF-DE8A-4A78-A1E0-C0CE55AA47AC}.Release|x64.Build.0 = Release|x64
		{6FB493FF-DE8A-4A78-A1E0-C0CE55AA47AC}.Release|x86.ActiveCfg = Release|Win32
		{6FB493FF-DE8A-4A78-A1E0-C0CE55AA47AC}.Release|x86.Build.0 = Release|Win32
		{95B7E74A-5542-444D-9D3D-2B526DF41BC3}.Debug|x64.ActiveCfg = Debug|x64
		{95B7E74A-5542-444D-9D3D-2B526DF41BC3}.Debug|x64.Build.0 = Debug|x64
		{95B7E74A-5542-444D-9D3D-2B526DF41BC3}.Debug|x86.ActiveCfg = Debug|Win32
		{95B7E74A-5542-444D-9D3D-2B526DF41BC3}.Debug|x86.Build.0 = Debug|Win32
		{95B7E74A-5542-444D-9D3D-2B526DF41BC3}.Release|x64.ActiveCfg = Release|x64
		{95B7E74A-5542-444D-9D3D-2B526DF41BC3}.Release|x64.Build.0 = Release|x64
		{95B7E74A-5542-444D-9D3D-2B526DF41BC3}.Release|x86.ActiveCfg = Release|Win32
		{95B7E74A-5542-444D-9D3D-2B526DF41BC3}.Release|x86.Build.0 = Release|Win32
	EndGlobalSection
	GlobalSection(SolutionProperties) = preSolution
		HideSolutionNode = FALSE
	EndGlobalSection
	GlobalSection(ExtensibilityGlobals) = postSolution
		SolutionGuid = {6131146B-6308-4659-AC71-ED18341764E4}
	EndGlobalSection
EndGlobal
