
Microsoft Visual Studio Solution File, Format Version 12.00
# Visual Studio Version 17
VisualStudioVersion = 17.0.31903.59
MinimumVisualStudioVersion = 10.0.40219.1
Project("{8BC9CEB8-8B4A-11D0-8D11-00A0C91BC942}") = "LR-7-1", "LR-7\LR-7.vcxproj", "{759480B7-E1C0-48DC-B16A-DE37D6532702}"
EndProject
Project("{8BC9CEB8-8B4A-11D0-8D11-00A0C91BC942}") = "LR-7-5", "LR-7-5\LR-7-5.vcxproj", "{8DA48371-9233-418B-A730-56F6C2555F79}"
EndProject
Project("{8BC9CEB8-8B4A-11D0-8D11-00A0C91BC942}") = "LR-7-2", "LR-7-2\LR-7-2.vcxproj", "{F84509D9-1A4C-4CD4-AA85-4083C62748CE}"
EndProject
Project("{8BC9CEB8-8B4A-11D0-8D11-00A0C91BC942}") = "LR-7-1-2.0(without)", "LR-7-1-2.0(without)\LR-7-1-2.0(without).vcxproj", "{3304445B-E03C-4DCE-89E7-EFE4AE979091}"
EndProject
Project("{8BC9CEB8-8B4A-11D0-8D11-00A0C91BC942}") = "LR-7-3", "LR-7-3\LR-7-3.vcxproj", "{A5944B0D-1419-4AD2-8B1B-62C1CB7221F8}"
EndProject
Project("{8BC9CEB8-8B4A-11D0-8D11-00A0C91BC942}") = "LR-7-4", "LR-7-4\LR-7-4.vcxproj", "{8113F7FE-D440-4ED0-A18F-1B8AADA058BA}"
EndProject
Project("{8BC9CEB8-8B4A-11D0-8D11-00A0C91BC942}") = "LR-7-6", "LR-7-6\LR-7-6.vcxproj", "{96DB2A34-82E7-4663-B0A9-1EDE11A63626}"
EndProject
Project("{8BC9CEB8-8B4A-11D0-8D11-00A0C91BC942}") = "LR-7-7", "LR-7-7\LR-7-7.vcxproj", "{AFA846CD-0E68-4AEB-A8D0-39CDD617B116}"
EndProject
Project("{8BC9CEB8-8B4A-11D0-8D11-00A0C91BC942}") = "LR-7-8", "LR-7-8\LR-7-8.vcxproj", "{5C47ACFD-4A16-40F4-BC26-F6020DE31B4A}"
EndProject
Project("{8BC9CEB8-8B4A-11D0-8D11-00A0C91BC942}") = "LR-7-9", "LR-7-9\LR-7-9.vcxproj", "{CE23B2FB-65A2-4E15-9631-B0778DD4E5EE}"
EndProject
Project("{8BC9CEB8-8B4A-11D0-8D11-00A0C91BC942}") = "LR-7-10", "LR-7-10\LR-7-10.vcxproj", "{58C5105F-6BA6-4455-A4D2-0E6114AD1829}"
EndProject
Project("{8BC9CEB8-8B4A-11D0-8D11-00A0C91BC942}") = "TestingforLab7", "TestingforLab7\TestingforLab7.vcxproj", "{9FF445BC-8A4C-4D51-8AF0-80E1B8D6D866}"
EndProject
Global
	GlobalSection(SolutionConfigurationPlatforms) = preSolution
		Debug|x64 = Debug|x64
		Debug|x86 = Debug|x86
		Release|x64 = Release|x64
		Release|x86 = Release|x86
	EndGlobalSection
	GlobalSection(ProjectConfigurationPlatforms) = postSolution
		{759480B7-E1C0-48DC-B16A-DE37D6532702}.Debug|x64.ActiveCfg = Debug|x64
		{759480B7-E1C0-48DC-B16A-DE37D6532702}.Debug|x64.Build.0 = Debug|x64
		{759480B7-E1C0-48DC-B16A-DE37D6532702}.Debug|x86.ActiveCfg = Debug|Win32
		{759480B7-E1C0-48DC-B16A-DE37D6532702}.Debug|x86.Build.0 = Debug|Win32
		{759480B7-E1C0-48DC-B16A-DE37D6532702}.Release|x64.ActiveCfg = Release|x64
		{759480B7-E1C0-48DC-B16A-DE37D6532702}.Release|x64.Build.0 = Release|x64
		{759480B7-E1C0-48DC-B16A-DE37D6532702}.Release|x86.ActiveCfg = Release|Win32
		{759480B7-E1C0-48DC-B16A-DE37D6532702}.Release|x86.Build.0 = Release|Win32
		{8DA48371-9233-418B-A730-56F6C2555F79}.Debug|x64.ActiveCfg = Debug|x64
		{8DA48371-9233-418B-A730-56F6C2555F79}.Debug|x64.Build.0 = Debug|x64
		{8DA48371-9233-418B-A730-56F6C2555F79}.Debug|x86.ActiveCfg = Debug|Win32
		{8DA48371-9233-418B-A730-56F6C2555F79}.Debug|x86.Build.0 = Debug|Win32
		{8DA48371-9233-418B-A730-56F6C2555F79}.Release|x64.ActiveCfg = Release|x64
		{8DA48371-9233-418B-A730-56F6C2555F79}.Release|x64.Build.0 = Release|x64
		{8DA48371-9233-418B-A730-56F6C2555F79}.Release|x86.ActiveCfg = Release|Win32
		{8DA48371-9233-418B-A730-56F6C2555F79}.Release|x86.Build.0 = Release|Win32
		{F84509D9-1A4C-4CD4-AA85-4083C62748CE}.Debug|x64.ActiveCfg = Debug|x64
		{F84509D9-1A4C-4CD4-AA85-4083C62748CE}.Debug|x64.Build.0 = Debug|x64
		{F84509D9-1A4C-4CD4-AA85-4083C62748CE}.Debug|x86.ActiveCfg = Debug|Win32
		{F84509D9-1A4C-4CD4-AA85-4083C62748CE}.Debug|x86.Build.0 = Debug|Win32
		{F84509D9-1A4C-4CD4-AA85-4083C62748CE}.Release|x64.ActiveCfg = Release|x64
		{F84509D9-1A4C-4CD4-AA85-4083C62748CE}.Release|x64.Build.0 = Release|x64
		{F84509D9-1A4C-4CD4-AA85-4083C62748CE}.Release|x86.ActiveCfg = Release|Win32
		{F84509D9-1A4C-4CD4-AA85-4083C62748CE}.Release|x86.Build.0 = Release|Win32
		{3304445B-E03C-4DCE-89E7-EFE4AE979091}.Debug|x64.ActiveCfg = Debug|x64
		{3304445B-E03C-4DCE-89E7-EFE4AE979091}.Debug|x64.Build.0 = Debug|x64
		{3304445B-E03C-4DCE-89E7-EFE4AE979091}.Debug|x86.ActiveCfg = Debug|Win32
		{3304445B-E03C-4DCE-89E7-EFE4AE979091}.Debug|x86.Build.0 = Debug|Win32
		{3304445B-E03C-4DCE-89E7-EFE4AE979091}.Release|x64.ActiveCfg = Release|x64
		{3304445B-E03C-4DCE-89E7-EFE4AE979091}.Release|x64.Build.0 = Release|x64
		{3304445B-E03C-4DCE-89E7-EFE4AE979091}.Release|x86.ActiveCfg = Release|Win32
		{3304445B-E03C-4DCE-89E7-EFE4AE979091}.Release|x86.Build.0 = Release|Win32
		{A5944B0D-1419-4AD2-8B1B-62C1CB7221F8}.Debug|x64.ActiveCfg = Debug|x64
		{A5944B0D-1419-4AD2-8B1B-62C1CB7221F8}.Debug|x64.Build.0 = Debug|x64
		{A5944B0D-1419-4AD2-8B1B-62C1CB7221F8}.Debug|x86.ActiveCfg = Debug|Win32
		{A5944B0D-1419-4AD2-8B1B-62C1CB7221F8}.Debug|x86.Build.0 = Debug|Win32
		{A5944B0D-1419-4AD2-8B1B-62C1CB7221F8}.Release|x64.ActiveCfg = Release|x64
		{A5944B0D-1419-4AD2-8B1B-62C1CB7221F8}.Release|x64.Build.0 = Release|x64
		{A5944B0D-1419-4AD2-8B1B-62C1CB7221F8}.Release|x86.ActiveCfg = Release|Win32
		{A5944B0D-1419-4AD2-8B1B-62C1CB7221F8}.Release|x86.Build.0 = Release|Win32
		{8113F7FE-D440-4ED0-A18F-1B8AADA058BA}.Debug|x64.ActiveCfg = Debug|x64
		{8113F7FE-D440-4ED0-A18F-1B8AADA058BA}.Debug|x64.Build.0 = Debug|x64
		{8113F7FE-D440-4ED0-A18F-1B8AADA058BA}.Debug|x86.ActiveCfg = Debug|Win32
		{8113F7FE-D440-4ED0-A18F-1B8AADA058BA}.Debug|x86.Build.0 = Debug|Win32
		{8113F7FE-D440-4ED0-A18F-1B8AADA058BA}.Release|x64.ActiveCfg = Release|x64
		{8113F7FE-D440-4ED0-A18F-1B8AADA058BA}.Release|x64.Build.0 = Release|x64
		{8113F7FE-D440-4ED0-A18F-1B8AADA058BA}.Release|x86.ActiveCfg = Release|Win32
		{8113F7FE-D440-4ED0-A18F-1B8AADA058BA}.Release|x86.Build.0 = Release|Win32
		{96DB2A34-82E7-4663-B0A9-1EDE11A63626}.Debug|x64.ActiveCfg = Debug|x64
		{96DB2A34-82E7-4663-B0A9-1EDE11A63626}.Debug|x64.Build.0 = Debug|x64
		{96DB2A34-82E7-4663-B0A9-1EDE11A63626}.Debug|x86.ActiveCfg = Debug|Win32
		{96DB2A34-82E7-4663-B0A9-1EDE11A63626}.Debug|x86.Build.0 = Debug|Win32
		{96DB2A34-82E7-4663-B0A9-1EDE11A63626}.Release|x64.ActiveCfg = Release|x64
		{96DB2A34-82E7-4663-B0A9-1EDE11A63626}.Release|x64.Build.0 = Release|x64
		{96DB2A34-82E7-4663-B0A9-1EDE11A63626}.Release|x86.ActiveCfg = Release|Win32
		{96DB2A34-82E7-4663-B0A9-1EDE11A63626}.Release|x86.Build.0 = Release|Win32
		{AFA846CD-0E68-4AEB-A8D0-39CDD617B116}.Debug|x64.ActiveCfg = Debug|x64
		{AFA846CD-0E68-4AEB-A8D0-39CDD617B116}.Debug|x64.Build.0 = Debug|x64
		{AFA846CD-0E68-4AEB-A8D0-39CDD617B116}.Debug|x86.ActiveCfg = Debug|Win32
		{AFA846CD-0E68-4AEB-A8D0-39CDD617B116}.Debug|x86.Build.0 = Debug|Win32
		{AFA846CD-0E68-4AEB-A8D0-39CDD617B116}.Release|x64.ActiveCfg = Release|x64
		{AFA846CD-0E68-4AEB-A8D0-39CDD617B116}.Release|x64.Build.0 = Release|x64
		{AFA846CD-0E68-4AEB-A8D0-39CDD617B116}.Release|x86.ActiveCfg = Release|Win32
		{AFA846CD-0E68-4AEB-A8D0-39CDD617B116}.Release|x86.Build.0 = Release|Win32
		{5C47ACFD-4A16-40F4-BC26-F6020DE31B4A}.Debug|x64.ActiveCfg = Debug|x64
		{5C47ACFD-4A16-40F4-BC26-F6020DE31B4A}.Debug|x64.Build.0 = Debug|x64
		{5C47ACFD-4A16-40F4-BC26-F6020DE31B4A}.Debug|x86.ActiveCfg = Debug|Win32
		{5C47ACFD-4A16-40F4-BC26-F6020DE31B4A}.Debug|x86.Build.0 = Debug|Win32
		{5C47ACFD-4A16-40F4-BC26-F6020DE31B4A}.Release|x64.ActiveCfg = Release|x64
		{5C47ACFD-4A16-40F4-BC26-F6020DE31B4A}.Release|x64.Build.0 = Release|x64
		{5C47ACFD-4A16-40F4-BC26-F6020DE31B4A}.Release|x86.ActiveCfg = Release|Win32
		{5C47ACFD-4A16-40F4-BC26-F6020DE31B4A}.Release|x86.Build.0 = Release|Win32
		{CE23B2FB-65A2-4E15-9631-B0778DD4E5EE}.Debug|x64.ActiveCfg = Debug|x64
		{CE23B2FB-65A2-4E15-9631-B0778DD4E5EE}.Debug|x64.Build.0 = Debug|x64
		{CE23B2FB-65A2-4E15-9631-B0778DD4E5EE}.Debug|x86.ActiveCfg = Debug|Win32
		{CE23B2FB-65A2-4E15-9631-B0778DD4E5EE}.Debug|x86.Build.0 = Debug|Win32
		{CE23B2FB-65A2-4E15-9631-B0778DD4E5EE}.Release|x64.ActiveCfg = Release|x64
		{CE23B2FB-65A2-4E15-9631-B0778DD4E5EE}.Release|x64.Build.0 = Release|x64
		{CE23B2FB-65A2-4E15-9631-B0778DD4E5EE}.Release|x86.ActiveCfg = Release|Win32
		{CE23B2FB-65A2-4E15-9631-B0778DD4E5EE}.Release|x86.Build.0 = Release|Win32
		{58C5105F-6BA6-4455-A4D2-0E6114AD1829}.Debug|x64.ActiveCfg = Debug|x64
		{58C5105F-6BA6-4455-A4D2-0E6114AD1829}.Debug|x64.Build.0 = Debug|x64
		{58C5105F-6BA6-4455-A4D2-0E6114AD1829}.Debug|x86.ActiveCfg = Debug|Win32
		{58C5105F-6BA6-4455-A4D2-0E6114AD1829}.Debug|x86.Build.0 = Debug|Win32
		{58C5105F-6BA6-4455-A4D2-0E6114AD1829}.Release|x64.ActiveCfg = Release|x64
		{58C5105F-6BA6-4455-A4D2-0E6114AD1829}.Release|x64.Build.0 = Release|x64
		{58C5105F-6BA6-4455-A4D2-0E6114AD1829}.Release|x86.ActiveCfg = Release|Win32
		{58C5105F-6BA6-4455-A4D2-0E6114AD1829}.Release|x86.Build.0 = Release|Win32
		{9FF445BC-8A4C-4D51-8AF0-80E1B8D6D866}.Debug|x64.ActiveCfg = Debug|x64
		{9FF445BC-8A4C-4D51-8AF0-80E1B8D6D866}.Debug|x64.Build.0 = Debug|x64
		{9FF445BC-8A4C-4D51-8AF0-80E1B8D6D866}.Debug|x86.ActiveCfg = Debug|Win32
		{9FF445BC-8A4C-4D51-8AF0-80E1B8D6D866}.Debug|x86.Build.0 = Debug|Win32
		{9FF445BC-8A4C-4D51-8AF0-80E1B8D6D866}.Release|x64.ActiveCfg = Release|x64
		{9FF445BC-8A4C-4D51-8AF0-80E1B8D6D866}.Release|x64.Build.0 = Release|x64
		{9FF445BC-8A4C-4D51-8AF0-80E1B8D6D866}.Release|x86.ActiveCfg = Release|Win32
		{9FF445BC-8A4C-4D51-8AF0-80E1B8D6D866}.Release|x86.Build.0 = Release|Win32
	EndGlobalSection
	GlobalSection(SolutionProperties) = preSolution
		HideSolutionNode = FALSE
	EndGlobalSection
	GlobalSection(ExtensibilityGlobals) = postSolution
		SolutionGuid = {48EC3C22-3E4E-429B-9BE1-D9701F2B7D0F}
	EndGlobalSection
EndGlobal
