
Microsoft Visual Studio Solution File, Format Version 12.00
# Visual Studio Version 17
VisualStudioVersion = 17.1.32210.238
MinimumVisualStudioVersion = 10.0.40219.1
Project("{FAE04EC0-301F-11D3-BF4B-00C04F79EFBC}") = "Task_2", "Task_2\Task_2.csproj", "{9125E0FE-B41B-411C-AA4D-DB8F3F008C64}"
EndProject
Global
	GlobalSection(SolutionConfigurationPlatforms) = preSolution
		Debug|Any CPU = Debug|Any CPU
		Release|Any CPU = Release|Any CPU
	EndGlobalSection
	GlobalSection(ProjectConfigurationPlatforms) = postSolution
		{9125E0FE-B41B-411C-AA4D-DB8F3F008C64}.Debug|Any CPU.ActiveCfg = Debug|Any CPU
		{9125E0FE-B41B-411C-AA4D-DB8F3F008C64}.Debug|Any CPU.Build.0 = Debug|Any CPU
		{9125E0FE-B41B-411C-AA4D-DB8F3F008C64}.Release|Any CPU.ActiveCfg = Release|Any CPU
		{9125E0FE-B41B-411C-AA4D-DB8F3F008C64}.Release|Any CPU.Build.0 = Release|Any CPU
	EndGlobalSection
	GlobalSection(SolutionProperties) = preSolution
		HideSolutionNode = FALSE
	EndGlobalSection
	GlobalSection(ExtensibilityGlobals) = postSolution
		SolutionGuid = {BB996D30-703A-4A80-983F-9B0108649A81}
	EndGlobalSection
EndGlobal
