
Microsoft Visual Studio Solution File, Format Version 12.00
# Visual Studio Version 16
VisualStudioVersion = 16.0.31624.102
MinimumVisualStudioVersion = 10.0.40219.1
Project("{8BC9CEB8-8B4A-11D0-8D11-00A0C91BC942}") = "LR-3", "LR-3\LR-3.vcxproj", "{EA9A07A3-D614-48A8-8E62-B7EAD72999EB}"
EndProject
Project("{8BC9CEB8-8B4A-11D0-8D11-00A0C91BC942}") = "LR-3-2", "LR-3-2\LR-3-2.vcxproj", "{8D47E3A7-1D45-4321-9A68-31003280BE69}"
EndProject
Project("{8BC9CEB8-8B4A-11D0-8D11-00A0C91BC942}") = "LR-3-3", "LR-3-3\LR-3-3.vcxproj", "{C6B2F1F6-6CBA-4D0B-A615-E98418865E6F}"
EndProject
Project("{8BC9CEB8-8B4A-11D0-8D11-00A0C91BC942}") = "LR-3-4", "LR-3-4\LR-3-4.vcxproj", "{0F151C61-AD12-40D0-9D27-A932521D7F90}"
EndProject
Project("{8BC9CEB8-8B4A-11D0-8D11-00A0C91BC942}") = "LR-3-7", "LR-3-7\LR-3-7.vcxproj", "{F559F24F-7282-455A-A035-9DFCD8225CAF}"
EndProject
Project("{8BC9CEB8-8B4A-11D0-8D11-00A0C91BC942}") = "LR-3-9", "LR-3-9\LR-3-9.vcxproj", "{99C0F4DE-ABB2-4ED1-9747-44087D34E76D}"
EndProject
Project("{8BC9CEB8-8B4A-11D0-8D11-00A0C91BC942}") = "LR-3-5", "LR-3-5\LR-3-5.vcxproj", "{B3AD42BD-074E-4394-941B-2069F6699F96}"
EndProject
Project("{8BC9CEB8-8B4A-11D0-8D11-00A0C91BC942}") = "LR-3-6", "LR-3-6\LR-3-6.vcxproj", "{9C583E49-23C8-4E07-AFB3-2828040EE99D}"
EndProject
Project("{8BC9CEB8-8B4A-11D0-8D11-00A0C91BC942}") = "LR-3-8", "LR-3-8\LR-3-8.vcxproj", "{0723CF53-6273-48E1-A225-C6FA101D0A24}"
EndProject
Global
	GlobalSection(SolutionConfigurationPlatforms) = preSolution
		Debug|x64 = Debug|x64
		Debug|x86 = Debug|x86
		Release|x64 = Release|x64
		Release|x86 = Release|x86
	EndGlobalSection
	GlobalSection(ProjectConfigurationPlatforms) = postSolution
		{EA9A07A3-D614-48A8-8E62-B7EAD72999EB}.Debug|x64.ActiveCfg = Debug|x64
		{EA9A07A3-D614-48A8-8E62-B7EAD72999EB}.Debug|x64.Build.0 = Debug|x64
		{EA9A07A3-D614-48A8-8E62-B7EAD72999EB}.Debug|x86.ActiveCfg = Debug|Win32
		{EA9A07A3-D614-48A8-8E62-B7EAD72999EB}.Debug|x86.Build.0 = Debug|Win32
		{EA9A07A3-D614-48A8-8E62-B7EAD72999EB}.Release|x64.ActiveCfg = Release|x64
		{EA9A07A3-D614-48A8-8E62-B7EAD72999EB}.Release|x64.Build.0 = Release|x64
		{EA9A07A3-D614-48A8-8E62-B7EAD72999EB}.Release|x86.ActiveCfg = Release|Win32
		{EA9A07A3-D614-48A8-8E62-B7EAD72999EB}.Release|x86.Build.0 = Release|Win32
		{8D47E3A7-1D45-4321-9A68-31003280BE69}.Debug|x64.ActiveCfg = Debug|x64
		{8D47E3A7-1D45-4321-9A68-31003280BE69}.Debug|x64.Build.0 = Debug|x64
		{8D47E3A7-1D45-4321-9A68-31003280BE69}.Debug|x86.ActiveCfg = Debug|Win32
		{8D47E3A7-1D45-4321-9A68-31003280BE69}.Debug|x86.Build.0 = Debug|Win32
		{8D47E3A7-1D45-4321-9A68-31003280BE69}.Release|x64.ActiveCfg = Release|x64
		{8D47E3A7-1D45-4321-9A68-31003280BE69}.Release|x64.Build.0 = Release|x64
		{8D47E3A7-1D45-4321-9A68-31003280BE69}.Release|x86.ActiveCfg = Release|Win32
		{8D47E3A7-1D45-4321-9A68-31003280BE69}.Release|x86.Build.0 = Release|Win32
		{C6B2F1F6-6CBA-4D0B-A615-E98418865E6F}.Debug|x64.ActiveCfg = Debug|x64
		{C6B2F1F6-6CBA-4D0B-A615-E98418865E6F}.Debug|x64.Build.0 = Debug|x64
		{C6B2F1F6-6CBA-4D0B-A615-E98418865E6F}.Debug|x86.ActiveCfg = Debug|Win32
		{C6B2F1F6-6CBA-4D0B-A615-E98418865E6F}.Debug|x86.Build.0 = Debug|Win32
		{C6B2F1F6-6CBA-4D0B-A615-E98418865E6F}.Release|x64.ActiveCfg = Release|x64
		{C6B2F1F6-6CBA-4D0B-A615-E98418865E6F}.Release|x64.Build.0 = Release|x64
		{C6B2F1F6-6CBA-4D0B-A615-E98418865E6F}.Release|x86.ActiveCfg = Release|Win32
		{C6B2F1F6-6CBA-4D0B-A615-E98418865E6F}.Release|x86.Build.0 = Release|Win32
		{0F151C61-AD12-40D0-9D27-A932521D7F90}.Debug|x64.ActiveCfg = Debug|x64
		{0F151C61-AD12-40D0-9D27-A932521D7F90}.Debug|x64.Build.0 = Debug|x64
		{0F151C61-AD12-40D0-9D27-A932521D7F90}.Debug|x86.ActiveCfg = Debug|Win32
		{0F151C61-AD12-40D0-9D27-A932521D7F90}.Debug|x86.Build.0 = Debug|Win32
		{0F151C61-AD12-40D0-9D27-A932521D7F90}.Release|x64.ActiveCfg = Release|x64
		{0F151C61-AD12-40D0-9D27-A932521D7F90}.Release|x64.Build.0 = Release|x64
		{0F151C61-AD12-40D0-9D27-A932521D7F90}.Release|x86.ActiveCfg = Release|Win32
		{0F151C61-AD12-40D0-9D27-A932521D7F90}.Release|x86.Build.0 = Release|Win32
		{F559F24F-7282-455A-A035-9DFCD8225CAF}.Debug|x64.ActiveCfg = Debug|x64
		{F559F24F-7282-455A-A035-9DFCD8225CAF}.Debug|x64.Build.0 = Debug|x64
		{F559F24F-7282-455A-A035-9DFCD8225CAF}.Debug|x86.ActiveCfg = Debug|Win32
		{F559F24F-7282-455A-A035-9DFCD8225CAF}.Debug|x86.Build.0 = Debug|Win32
		{F559F24F-7282-455A-A035-9DFCD8225CAF}.Release|x64.ActiveCfg = Release|x64
		{F559F24F-7282-455A-A035-9DFCD8225CAF}.Release|x64.Build.0 = Release|x64
		{F559F24F-7282-455A-A035-9DFCD8225CAF}.Release|x86.ActiveCfg = Release|Win32
		{F559F24F-7282-455A-A035-9DFCD8225CAF}.Release|x86.Build.0 = Release|Win32
		{99C0F4DE-ABB2-4ED1-9747-44087D34E76D}.Debug|x64.ActiveCfg = Debug|x64
		{99C0F4DE-ABB2-4ED1-9747-44087D34E76D}.Debug|x64.Build.0 = Debug|x64
		{99C0F4DE-ABB2-4ED1-9747-44087D34E76D}.Debug|x86.ActiveCfg = Debug|Win32
		{99C0F4DE-ABB2-4ED1-9747-44087D34E76D}.Debug|x86.Build.0 = Debug|Win32
		{99C0F4DE-ABB2-4ED1-9747-44087D34E76D}.Release|x64.ActiveCfg = Release|x64
		{99C0F4DE-ABB2-4ED1-9747-44087D34E76D}.Release|x64.Build.0 = Release|x64
		{99C0F4DE-ABB2-4ED1-9747-44087D34E76D}.Release|x86.ActiveCfg = Release|Win32
		{99C0F4DE-ABB2-4ED1-9747-44087D34E76D}.Release|x86.Build.0 = Release|Win32
		{B3AD42BD-074E-4394-941B-2069F6699F96}.Debug|x64.ActiveCfg = Debug|x64
		{B3AD42BD-074E-4394-941B-2069F6699F96}.Debug|x64.Build.0 = Debug|x64
		{B3AD42BD-074E-4394-941B-2069F6699F96}.Debug|x86.ActiveCfg = Debug|Win32
		{B3AD42BD-074E-4394-941B-2069F6699F96}.Debug|x86.Build.0 = Debug|Win32
		{B3AD42BD-074E-4394-941B-2069F6699F96}.Release|x64.ActiveCfg = Release|x64
		{B3AD42BD-074E-4394-941B-2069F6699F96}.Release|x64.Build.0 = Release|x64
		{B3AD42BD-074E-4394-941B-2069F6699F96}.Release|x86.ActiveCfg = Release|Win32
		{B3AD42BD-074E-4394-941B-2069F6699F96}.Release|x86.Build.0 = Release|Win32
		{9C583E49-23C8-4E07-AFB3-2828040EE99D}.Debug|x64.ActiveCfg = Debug|x64
		{9C583E49-23C8-4E07-AFB3-2828040EE99D}.Debug|x64.Build.0 = Debug|x64
		{9C583E49-23C8-4E07-AFB3-2828040EE99D}.Debug|x86.ActiveCfg = Debug|Win32
		{9C583E49-23C8-4E07-AFB3-2828040EE99D}.Debug|x86.Build.0 = Debug|Win32
		{9C583E49-23C8-4E07-AFB3-2828040EE99D}.Release|x64.ActiveCfg = Release|x64
		{9C583E49-23C8-4E07-AFB3-2828040EE99D}.Release|x64.Build.0 = Release|x64
		{9C583E49-23C8-4E07-AFB3-2828040EE99D}.Release|x86.ActiveCfg = Release|Win32
		{9C583E49-23C8-4E07-AFB3-2828040EE99D}.Release|x86.Build.0 = Release|Win32
		{0723CF53-6273-48E1-A225-C6FA101D0A24}.Debug|x64.ActiveCfg = Debug|x64
		{0723CF53-6273-48E1-A225-C6FA101D0A24}.Debug|x64.Build.0 = Debug|x64
		{0723CF53-6273-48E1-A225-C6FA101D0A24}.Debug|x86.ActiveCfg = Debug|Win32
		{0723CF53-6273-48E1-A225-C6FA101D0A24}.Debug|x86.Build.0 = Debug|Win32
		{0723CF53-6273-48E1-A225-C6FA101D0A24}.Release|x64.ActiveCfg = Release|x64
		{0723CF53-6273-48E1-A225-C6FA101D0A24}.Release|x64.Build.0 = Release|x64
		{0723CF53-6273-48E1-A225-C6FA101D0A24}.Release|x86.ActiveCfg = Release|Win32
		{0723CF53-6273-48E1-A225-C6FA101D0A24}.Release|x86.Build.0 = Release|Win32
	EndGlobalSection
	GlobalSection(SolutionProperties) = preSolution
		HideSolutionNode = FALSE
	EndGlobalSection
	GlobalSection(ExtensibilityGlobals) = postSolution
		SolutionGuid = {B647F56C-6AE5-4A75-A9B5-203671385C16}
	EndGlobalSection
EndGlobal
