
Microsoft Visual Studio Solution File, Format Version 12.00
# Visual Studio Version 17
VisualStudioVersion = 17.0.32112.339
MinimumVisualStudioVersion = 10.0.40219.1
Project("{9A19103F-16F7-4668-BE54-9A1E7A4F7556}") = "LaborotoryWork_8", "153504_Bagrovets_lab8\LaborotoryWork_8.csproj", "{D70BCD65-855A-4FEF-BD78-75B47636BA1B}"
EndProject
Global
	GlobalSection(SolutionConfigurationPlatforms) = preSolution
		Debug|Any CPU = Debug|Any CPU
		Release|Any CPU = Release|Any CPU
	EndGlobalSection
	GlobalSection(ProjectConfigurationPlatforms) = postSolution
		{D70BCD65-855A-4FEF-BD78-75B47636BA1B}.Debug|Any CPU.ActiveCfg = Debug|Any CPU
		{D70BCD65-855A-4FEF-BD78-75B47636BA1B}.Debug|Any CPU.Build.0 = Debug|Any CPU
		{D70BCD65-855A-4FEF-BD78-75B47636BA1B}.Release|Any CPU.ActiveCfg = Release|Any CPU
		{D70BCD65-855A-4FEF-BD78-75B47636BA1B}.Release|Any CPU.Build.0 = Release|Any CPU
	EndGlobalSection
	GlobalSection(SolutionProperties) = preSolution
		HideSolutionNode = FALSE
	EndGlobalSection
	GlobalSection(ExtensibilityGlobals) = postSolution
		SolutionGuid = {56B2EAED-4086-4AAE-A71B-3775B1BAC49A}
	EndGlobalSection
EndGlobal
