
Microsoft Visual Studio Solution File, Format Version 12.00
# Visual Studio Version 17
VisualStudioVersion = 17.0.31903.59
MinimumVisualStudioVersion = 10.0.40219.1
Project("{8BC9CEB8-8B4A-11D0-8D11-00A0C91BC942}") = "LR-4-2", "LR-4-2\LR-4-2.vcxproj", "{D410EA44-A3D3-4C5A-AA62-CC14C755A45F}"
EndProject
Project("{8BC9CEB8-8B4A-11D0-8D11-00A0C91BC942}") = "LR-4-3", "LR-4-3\LR-4-3.vcxproj", "{85B4DCEC-C691-430F-8D7B-35367A5D770E}"
EndProject
Project("{8BC9CEB8-8B4A-11D0-8D11-00A0C91BC942}") = "LR-4-4", "LR-4-4\LR-4-4.vcxproj", "{A6682388-A80D-4B5A-9009-9204BF45023F}"
EndProject
Project("{8BC9CEB8-8B4A-11D0-8D11-00A0C91BC942}") = "LR-4-5", "LR-4-5\LR-4-5.vcxproj", "{AFF5E75E-105F-479A-A684-B21652C03CEF}"
EndProject
Project("{8BC9CEB8-8B4A-11D0-8D11-00A0C91BC942}") = "LR-4-1", "LR-4-1\LR-4-1.vcxproj", "{A5DE645D-E7CC-492D-95D6-A8AB60C94304}"
EndProject
Project("{8BC9CEB8-8B4A-11D0-8D11-00A0C91BC942}") = "LR-4-6", "LR-4-6\LR-4-6.vcxproj", "{EBCECDB7-1C66-437E-BF6A-C139F39BFB48}"
EndProject
Project("{8BC9CEB8-8B4A-11D0-8D11-00A0C91BC942}") = "LR-4-7", "LR-4-7\LR-4-7.vcxproj", "{8DC1B432-E5E2-472C-9300-3665E56EFC6B}"
EndProject
Project("{8BC9CEB8-8B4A-11D0-8D11-00A0C91BC942}") = "LR-4-8", "LR-4-8\LR-4-8.vcxproj", "{14BF05E7-7B8A-4E07-90D2-EF26D479D130}"
EndProject
Project("{8BC9CEB8-8B4A-11D0-8D11-00A0C91BC942}") = "LR-4-9", "LR-4-9\LR-4-9.vcxproj", "{1F96D2F9-30C6-4D9F-B60A-A4EE0591DB60}"
EndProject
Project("{8BC9CEB8-8B4A-11D0-8D11-00A0C91BC942}") = "LR-4-14", "LR-4-14\LR-4-14.vcxproj", "{99ACFD24-DE54-42EF-97A2-8F2EF30FEB6D}"
EndProject
Project("{8BC9CEB8-8B4A-11D0-8D11-00A0C91BC942}") = "LR-4-12", "LR-4-12\LR-4-12.vcxproj", "{AD142EC6-85C9-4B18-914A-CBE09A1E3CC9}"
EndProject
Project("{8BC9CEB8-8B4A-11D0-8D11-00A0C91BC942}") = "LR-4-13", "LR-4-13\LR-4-13.vcxproj", "{E71D5238-8AF5-424F-8C92-27B7CDEAF578}"
EndProject
Project("{8BC9CEB8-8B4A-11D0-8D11-00A0C91BC942}") = "LR-4-15", "LR-4-15\LR-4-15.vcxproj", "{9E0D0D61-3638-4F19-AFCA-1D902297AC48}"
EndProject
Project("{8BC9CEB8-8B4A-11D0-8D11-00A0C91BC942}") = "LR-4-10", "LR-4-10\LR-4-10.vcxproj", "{773084C3-2965-4584-BFBE-E41721874E02}"
EndProject
Project("{8BC9CEB8-8B4A-11D0-8D11-00A0C91BC942}") = "LR-4-11", "LR-4-11\LR-4-11.vcxproj", "{0274FD29-3310-4C48-8857-12F9787E7AFD}"
EndProject
Project("{8BC9CEB8-8B4A-11D0-8D11-00A0C91BC942}") = "LR-4-10-1", "..\..\LR-5\LR-5\LR-4-10-1\LR-4-10-1.vcxproj", "{43AD5181-030D-4D89-A027-0479B01988D9}"
EndProject
Global
	GlobalSection(SolutionConfigurationPlatforms) = preSolution
		Debug|x64 = Debug|x64
		Debug|x86 = Debug|x86
		Release|x64 = Release|x64
		Release|x86 = Release|x86
	EndGlobalSection
	GlobalSection(ProjectConfigurationPlatforms) = postSolution
		{D410EA44-A3D3-4C5A-AA62-CC14C755A45F}.Debug|x64.ActiveCfg = Debug|x64
		{D410EA44-A3D3-4C5A-AA62-CC14C755A45F}.Debug|x64.Build.0 = Debug|x64
		{D410EA44-A3D3-4C5A-AA62-CC14C755A45F}.Debug|x86.ActiveCfg = Debug|Win32
		{D410EA44-A3D3-4C5A-AA62-CC14C755A45F}.Debug|x86.Build.0 = Debug|Win32
		{D410EA44-A3D3-4C5A-AA62-CC14C755A45F}.Release|x64.ActiveCfg = Release|x64
		{D410EA44-A3D3-4C5A-AA62-CC14C755A45F}.Release|x64.Build.0 = Release|x64
		{D410EA44-A3D3-4C5A-AA62-CC14C755A45F}.Release|x86.ActiveCfg = Release|Win32
		{D410EA44-A3D3-4C5A-AA62-CC14C755A45F}.Release|x86.Build.0 = Release|Win32
		{85B4DCEC-C691-430F-8D7B-35367A5D770E}.Debug|x64.ActiveCfg = Debug|x64
		{85B4DCEC-C691-430F-8D7B-35367A5D770E}.Debug|x64.Build.0 = Debug|x64
		{85B4DCEC-C691-430F-8D7B-35367A5D770E}.Debug|x86.ActiveCfg = Debug|Win32
		{85B4DCEC-C691-430F-8D7B-35367A5D770E}.Debug|x86.Build.0 = Debug|Win32
		{85B4DCEC-C691-430F-8D7B-35367A5D770E}.Release|x64.ActiveCfg = Release|x64
		{85B4DCEC-C691-430F-8D7B-35367A5D770E}.Release|x64.Build.0 = Release|x64
		{85B4DCEC-C691-430F-8D7B-35367A5D770E}.Release|x86.ActiveCfg = Release|Win32
		{85B4DCEC-C691-430F-8D7B-35367A5D770E}.Release|x86.Build.0 = Release|Win32
		{A6682388-A80D-4B5A-9009-9204BF45023F}.Debug|x64.ActiveCfg = Debug|x64
		{A6682388-A80D-4B5A-9009-9204BF45023F}.Debug|x64.Build.0 = Debug|x64
		{A6682388-A80D-4B5A-9009-9204BF45023F}.Debug|x86.ActiveCfg = Debug|Win32
		{A6682388-A80D-4B5A-9009-9204BF45023F}.Debug|x86.Build.0 = Debug|Win32
		{A6682388-A80D-4B5A-9009-9204BF45023F}.Release|x64.ActiveCfg = Release|x64
		{A6682388-A80D-4B5A-9009-9204BF45023F}.Release|x64.Build.0 = Release|x64
		{A6682388-A80D-4B5A-9009-9204BF45023F}.Release|x86.ActiveCfg = Release|Win32
		{A6682388-A80D-4B5A-9009-9204BF45023F}.Release|x86.Build.0 = Release|Win32
		{AFF5E75E-105F-479A-A684-B21652C03CEF}.Debug|x64.ActiveCfg = Debug|x64
		{AFF5E75E-105F-479A-A684-B21652C03CEF}.Debug|x64.Build.0 = Debug|x64
		{AFF5E75E-105F-479A-A684-B21652C03CEF}.Debug|x86.ActiveCfg = Debug|Win32
		{AFF5E75E-105F-479A-A684-B21652C03CEF}.Debug|x86.Build.0 = Debug|Win32
		{AFF5E75E-105F-479A-A684-B21652C03CEF}.Release|x64.ActiveCfg = Release|x64
		{AFF5E75E-105F-479A-A684-B21652C03CEF}.Release|x64.Build.0 = Release|x64
		{AFF5E75E-105F-479A-A684-B21652C03CEF}.Release|x86.ActiveCfg = Release|Win32
		{AFF5E75E-105F-479A-A684-B21652C03CEF}.Release|x86.Build.0 = Release|Win32
		{A5DE645D-E7CC-492D-95D6-A8AB60C94304}.Debug|x64.ActiveCfg = Debug|x64
		{A5DE645D-E7CC-492D-95D6-A8AB60C94304}.Debug|x64.Build.0 = Debug|x64
		{A5DE645D-E7CC-492D-95D6-A8AB60C94304}.Debug|x86.ActiveCfg = Debug|Win32
		{A5DE645D-E7CC-492D-95D6-A8AB60C94304}.Debug|x86.Build.0 = Debug|Win32
		{A5DE645D-E7CC-492D-95D6-A8AB60C94304}.Release|x64.ActiveCfg = Release|x64
		{A5DE645D-E7CC-492D-95D6-A8AB60C94304}.Release|x64.Build.0 = Release|x64
		{A5DE645D-E7CC-492D-95D6-A8AB60C94304}.Release|x86.ActiveCfg = Release|Win32
		{A5DE645D-E7CC-492D-95D6-A8AB60C94304}.Release|x86.Build.0 = Release|Win32
		{EBCECDB7-1C66-437E-BF6A-C139F39BFB48}.Debug|x64.ActiveCfg = Debug|x64
		{EBCECDB7-1C66-437E-BF6A-C139F39BFB48}.Debug|x64.Build.0 = Debug|x64
		{EBCECDB7-1C66-437E-BF6A-C139F39BFB48}.Debug|x86.ActiveCfg = Debug|Win32
		{EBCECDB7-1C66-437E-BF6A-C139F39BFB48}.Debug|x86.Build.0 = Debug|Win32
		{EBCECDB7-1C66-437E-BF6A-C139F39BFB48}.Release|x64.ActiveCfg = Release|x64
		{EBCECDB7-1C66-437E-BF6A-C139F39BFB48}.Release|x64.Build.0 = Release|x64
		{EBCECDB7-1C66-437E-BF6A-C139F39BFB48}.Release|x86.ActiveCfg = Release|Win32
		{EBCECDB7-1C66-437E-BF6A-C139F39BFB48}.Release|x86.Build.0 = Release|Win32
		{8DC1B432-E5E2-472C-9300-3665E56EFC6B}.Debug|x64.ActiveCfg = Debug|x64
		{8DC1B432-E5E2-472C-9300-3665E56EFC6B}.Debug|x64.Build.0 = Debug|x64
		{8DC1B432-E5E2-472C-9300-3665E56EFC6B}.Debug|x86.ActiveCfg = Debug|Win32
		{8DC1B432-E5E2-472C-9300-3665E56EFC6B}.Debug|x86.Build.0 = Debug|Win32
		{8DC1B432-E5E2-472C-9300-3665E56EFC6B}.Release|x64.ActiveCfg = Release|x64
		{8DC1B432-E5E2-472C-9300-3665E56EFC6B}.Release|x64.Build.0 = Release|x64
		{8DC1B432-E5E2-472C-9300-3665E56EFC6B}.Release|x86.ActiveCfg = Release|Win32
		{8DC1B432-E5E2-472C-9300-3665E56EFC6B}.Release|x86.Build.0 = Release|Win32
		{14BF05E7-7B8A-4E07-90D2-EF26D479D130}.Debug|x64.ActiveCfg = Debug|x64
		{14BF05E7-7B8A-4E07-90D2-EF26D479D130}.Debug|x64.Build.0 = Debug|x64
		{14BF05E7-7B8A-4E07-90D2-EF26D479D130}.Debug|x86.ActiveCfg = Debug|Win32
		{14BF05E7-7B8A-4E07-90D2-EF26D479D130}.Debug|x86.Build.0 = Debug|Win32
		{14BF05E7-7B8A-4E07-90D2-EF26D479D130}.Release|x64.ActiveCfg = Release|x64
		{14BF05E7-7B8A-4E07-90D2-EF26D479D130}.Release|x64.Build.0 = Release|x64
		{14BF05E7-7B8A-4E07-90D2-EF26D479D130}.Release|x86.ActiveCfg = Release|Win32
		{14BF05E7-7B8A-4E07-90D2-EF26D479D130}.Release|x86.Build.0 = Release|Win32
		{1F96D2F9-30C6-4D9F-B60A-A4EE0591DB60}.Debug|x64.ActiveCfg = Debug|x64
		{1F96D2F9-30C6-4D9F-B60A-A4EE0591DB60}.Debug|x64.Build.0 = Debug|x64
		{1F96D2F9-30C6-4D9F-B60A-A4EE0591DB60}.Debug|x86.ActiveCfg = Debug|Win32
		{1F96D2F9-30C6-4D9F-B60A-A4EE0591DB60}.Debug|x86.Build.0 = Debug|Win32
		{1F96D2F9-30C6-4D9F-B60A-A4EE0591DB60}.Release|x64.ActiveCfg = Release|x64
		{1F96D2F9-30C6-4D9F-B60A-A4EE0591DB60}.Release|x64.Build.0 = Release|x64
		{1F96D2F9-30C6-4D9F-B60A-A4EE0591DB60}.Release|x86.ActiveCfg = Release|Win32
		{1F96D2F9-30C6-4D9F-B60A-A4EE0591DB60}.Release|x86.Build.0 = Release|Win32
		{99ACFD24-DE54-42EF-97A2-8F2EF30FEB6D}.Debug|x64.ActiveCfg = Debug|x64
		{99ACFD24-DE54-42EF-97A2-8F2EF30FEB6D}.Debug|x64.Build.0 = Debug|x64
		{99ACFD24-DE54-42EF-97A2-8F2EF30FEB6D}.Debug|x86.ActiveCfg = Debug|Win32
		{99ACFD24-DE54-42EF-97A2-8F2EF30FEB6D}.Debug|x86.Build.0 = Debug|Win32
		{99ACFD24-DE54-42EF-97A2-8F2EF30FEB6D}.Release|x64.ActiveCfg = Release|x64
		{99ACFD24-DE54-42EF-97A2-8F2EF30FEB6D}.Release|x64.Build.0 = Release|x64
		{99ACFD24-DE54-42EF-97A2-8F2EF30FEB6D}.Release|x86.ActiveCfg = Release|Win32
		{99ACFD24-DE54-42EF-97A2-8F2EF30FEB6D}.Release|x86.Build.0 = Release|Win32
		{AD142EC6-85C9-4B18-914A-CBE09A1E3CC9}.Debug|x64.ActiveCfg = Debug|x64
		{AD142EC6-85C9-4B18-914A-CBE09A1E3CC9}.Debug|x64.Build.0 = Debug|x64
		{AD142EC6-85C9-4B18-914A-CBE09A1E3CC9}.Debug|x86.ActiveCfg = Debug|Win32
		{AD142EC6-85C9-4B18-914A-CBE09A1E3CC9}.Debug|x86.Build.0 = Debug|Win32
		{AD142EC6-85C9-4B18-914A-CBE09A1E3CC9}.Release|x64.ActiveCfg = Release|x64
		{AD142EC6-85C9-4B18-914A-CBE09A1E3CC9}.Release|x64.Build.0 = Release|x64
		{AD142EC6-85C9-4B18-914A-CBE09A1E3CC9}.Release|x86.ActiveCfg = Release|Win32
		{AD142EC6-85C9-4B18-914A-CBE09A1E3CC9}.Release|x86.Build.0 = Release|Win32
		{E71D5238-8AF5-424F-8C92-27B7CDEAF578}.Debug|x64.ActiveCfg = Debug|x64
		{E71D5238-8AF5-424F-8C92-27B7CDEAF578}.Debug|x64.Build.0 = Debug|x64
		{E71D5238-8AF5-424F-8C92-27B7CDEAF578}.Debug|x86.ActiveCfg = Debug|Win32
		{E71D5238-8AF5-424F-8C92-27B7CDEAF578}.Debug|x86.Build.0 = Debug|Win32
		{E71D5238-8AF5-424F-8C92-27B7CDEAF578}.Release|x64.ActiveCfg = Release|x64
		{E71D5238-8AF5-424F-8C92-27B7CDEAF578}.Release|x64.Build.0 = Release|x64
		{E71D5238-8AF5-424F-8C92-27B7CDEAF578}.Release|x86.ActiveCfg = Release|Win32
		{E71D5238-8AF5-424F-8C92-27B7CDEAF578}.Release|x86.Build.0 = Release|Win32
		{9E0D0D61-3638-4F19-AFCA-1D902297AC48}.Debug|x64.ActiveCfg = Debug|x64
		{9E0D0D61-3638-4F19-AFCA-1D902297AC48}.Debug|x64.Build.0 = Debug|x64
		{9E0D0D61-3638-4F19-AFCA-1D902297AC48}.Debug|x86.ActiveCfg = Debug|Win32
		{9E0D0D61-3638-4F19-AFCA-1D902297AC48}.Debug|x86.Build.0 = Debug|Win32
		{9E0D0D61-3638-4F19-AFCA-1D902297AC48}.Release|x64.ActiveCfg = Release|x64
		{9E0D0D61-3638-4F19-AFCA-1D902297AC48}.Release|x64.Build.0 = Release|x64
		{9E0D0D61-3638-4F19-AFCA-1D902297AC48}.Release|x86.ActiveCfg = Release|Win32
		{9E0D0D61-3638-4F19-AFCA-1D902297AC48}.Release|x86.Build.0 = Release|Win32
		{773084C3-2965-4584-BFBE-E41721874E02}.Debug|x64.ActiveCfg = Debug|x64
		{773084C3-2965-4584-BFBE-E41721874E02}.Debug|x64.Build.0 = Debug|x64
		{773084C3-2965-4584-BFBE-E41721874E02}.Debug|x86.ActiveCfg = Debug|Win32
		{773084C3-2965-4584-BFBE-E41721874E02}.Debug|x86.Build.0 = Debug|Win32
		{773084C3-2965-4584-BFBE-E41721874E02}.Release|x64.ActiveCfg = Release|x64
		{773084C3-2965-4584-BFBE-E41721874E02}.Release|x64.Build.0 = Release|x64
		{773084C3-2965-4584-BFBE-E41721874E02}.Release|x86.ActiveCfg = Release|Win32
		{773084C3-2965-4584-BFBE-E41721874E02}.Release|x86.Build.0 = Release|Win32
		{0274FD29-3310-4C48-8857-12F9787E7AFD}.Debug|x64.ActiveCfg = Debug|x64
		{0274FD29-3310-4C48-8857-12F9787E7AFD}.Debug|x64.Build.0 = Debug|x64
		{0274FD29-3310-4C48-8857-12F9787E7AFD}.Debug|x86.ActiveCfg = Debug|Win32
		{0274FD29-3310-4C48-8857-12F9787E7AFD}.Debug|x86.Build.0 = Debug|Win32
		{0274FD29-3310-4C48-8857-12F9787E7AFD}.Release|x64.ActiveCfg = Release|x64
		{0274FD29-3310-4C48-8857-12F9787E7AFD}.Release|x64.Build.0 = Release|x64
		{0274FD29-3310-4C48-8857-12F9787E7AFD}.Release|x86.ActiveCfg = Release|Win32
		{0274FD29-3310-4C48-8857-12F9787E7AFD}.Release|x86.Build.0 = Release|Win32
		{43AD5181-030D-4D89-A027-0479B01988D9}.Debug|x64.ActiveCfg = Debug|x64
		{43AD5181-030D-4D89-A027-0479B01988D9}.Debug|x64.Build.0 = Debug|x64
		{43AD5181-030D-4D89-A027-0479B01988D9}.Debug|x86.ActiveCfg = Debug|Win32
		{43AD5181-030D-4D89-A027-0479B01988D9}.Debug|x86.Build.0 = Debug|Win32
		{43AD5181-030D-4D89-A027-0479B01988D9}.Release|x64.ActiveCfg = Release|x64
		{43AD5181-030D-4D89-A027-0479B01988D9}.Release|x64.Build.0 = Release|x64
		{43AD5181-030D-4D89-A027-0479B01988D9}.Release|x86.ActiveCfg = Release|Win32
		{43AD5181-030D-4D89-A027-0479B01988D9}.Release|x86.Build.0 = Release|Win32
	EndGlobalSection
	GlobalSection(SolutionProperties) = preSolution
		HideSolutionNode = FALSE
	EndGlobalSection
	GlobalSection(ExtensibilityGlobals) = postSolution
		SolutionGuid = {FCC0C56D-EB8F-4EED-9208-714BBA069342}
	EndGlobalSection
EndGlobal
