
Microsoft Visual Studio Solution File, Format Version 12.00
# Visual Studio Version 16
VisualStudioVersion = 16.0.31624.102
MinimumVisualStudioVersion = 10.0.40219.1
Project("{8BC9CEB8-8B4A-11D0-8D11-00A0C91BC942}") = "LR-2-2-1", "LR_2\LR_2.vcxproj", "{D534E090-944A-4C79-8F18-BADAF5885471}"
EndProject
Project("{8BC9CEB8-8B4A-11D0-8D11-00A0C91BC942}") = "LR-2-1", "LR-2-1\LR-2-1.vcxproj", "{8980882F-B4B0-4CA9-9DB8-5B73876537C4}"
EndProject
Project("{8BC9CEB8-8B4A-11D0-8D11-00A0C91BC942}") = "LR-2-2-2", "LR-2-2-2\LR-2-2-2.vcxproj", "{49A31103-DC4B-44BB-8199-1C2375E403A2}"
EndProject
Project("{8BC9CEB8-8B4A-11D0-8D11-00A0C91BC942}") = "LR-2-3-1", "LR-2-3\LR-2-3.vcxproj", "{48C6424C-53DF-42D0-B01B-BFB3645F7F32}"
EndProject
Project("{8BC9CEB8-8B4A-11D0-8D11-00A0C91BC942}") = "LR-2-3-2", "LR-2-3-2\LR-2-3-2.vcxproj", "{6D57299B-E8F0-4F3B-B75D-068C0261B15F}"
EndProject
Project("{8BC9CEB8-8B4A-11D0-8D11-00A0C91BC942}") = "LR-2-4", "LR-2-4\LR-2-4.vcxproj", "{C3C0A69D-7E81-4BC4-BC65-6CA07DF7CCDA}"
EndProject
Project("{8BC9CEB8-8B4A-11D0-8D11-00A0C91BC942}") = "LR-2-5", "LR-2-5\LR-2-5.vcxproj", "{43B4B55D-99C0-41A0-8C14-E344656A1304}"
EndProject
Project("{8BC9CEB8-8B4A-11D0-8D11-00A0C91BC942}") = "LR-2-6", "LR-2-6\LR-2-6.vcxproj", "{21B6BBD2-738E-4648-823D-B659ACE61680}"
EndProject
Project("{8BC9CEB8-8B4A-11D0-8D11-00A0C91BC942}") = "LR-2-7", "LR-2-7\LR-2-7.vcxproj", "{CDC6B4EB-59D2-4E2B-8A44-4E3BE0CD4250}"
EndProject
Project("{8BC9CEB8-8B4A-11D0-8D11-00A0C91BC942}") = "LR-2-8", "LR-2-8\LR-2-8.vcxproj", "{476AACE8-E8F8-4198-B968-EB5B1F7C40E1}"
EndProject
Project("{8BC9CEB8-8B4A-11D0-8D11-00A0C91BC942}") = "LR-2-9", "LR-2-9\LR-2-9.vcxproj", "{F10D4590-BF65-486C-9F40-B54110B90E13}"
EndProject
Project("{8BC9CEB8-8B4A-11D0-8D11-00A0C91BC942}") = "LR-2-11", "LR-2-11\LR-2-11.vcxproj", "{F86A1997-AE64-4A55-84D1-8E9D0A23F155}"
EndProject
Project("{8BC9CEB8-8B4A-11D0-8D11-00A0C91BC942}") = "LR-2-12", "LR-2-12\LR-2-12.vcxproj", "{608914C3-FC00-45CE-8E77-0E42BF1EE9AF}"
EndProject
Project("{8BC9CEB8-8B4A-11D0-8D11-00A0C91BC942}") = "LR-2-13", "LR-2-13\LR-2-13.vcxproj", "{C236F57E-4E9E-4A6C-B18B-DB195447A3B8}"
EndProject
Project("{8BC9CEB8-8B4A-11D0-8D11-00A0C91BC942}") = "LR-2-14", "LR-2-14\LR-2-14.vcxproj", "{9CD61043-D3F9-4244-896F-4A6157EF181C}"
EndProject
Project("{8BC9CEB8-8B4A-11D0-8D11-00A0C91BC942}") = "LR-2-16", "LR-2-16\LR-2-16.vcxproj", "{D4D2AB89-12E1-4FDB-8BC9-E1E7547EB7AE}"
EndProject
Project("{8BC9CEB8-8B4A-11D0-8D11-00A0C91BC942}") = "LR-2-17", "LR-2-17\LR-2-17.vcxproj", "{D0DDCC42-924C-423F-BA47-66F04C040EEB}"
EndProject
Project("{8BC9CEB8-8B4A-11D0-8D11-00A0C91BC942}") = "LR-2-15-1", "LR-2-15-1\LR-2-15-1.vcxproj", "{1B97D363-D2A5-4566-B9B8-B3ACF14DC235}"
EndProject
Project("{2150E333-8FDC-42A3-9474-1A3956D46DE8}") = "Solution Items", "Solution Items", "{6777F613-A18B-4FAD-94C6-777ED6B47ADA}"
EndProject
Project("{8BC9CEB8-8B4A-11D0-8D11-00A0C91BC942}") = "LR-2-10-2", "LR-2-10-2\LR-2-10-2.vcxproj", "{E0DD7B88-6A04-4F46-A7E4-7B14EAE1D954}"
EndProject
Global
	GlobalSection(SolutionConfigurationPlatforms) = preSolution
		Debug|x64 = Debug|x64
		Debug|x86 = Debug|x86
		Release|x64 = Release|x64
		Release|x86 = Release|x86
	EndGlobalSection
	GlobalSection(ProjectConfigurationPlatforms) = postSolution
		{D534E090-944A-4C79-8F18-BADAF5885471}.Debug|x64.ActiveCfg = Debug|x64
		{D534E090-944A-4C79-8F18-BADAF5885471}.Debug|x64.Build.0 = Debug|x64
		{D534E090-944A-4C79-8F18-BADAF5885471}.Debug|x86.ActiveCfg = Debug|Win32
		{D534E090-944A-4C79-8F18-BADAF5885471}.Debug|x86.Build.0 = Debug|Win32
		{D534E090-944A-4C79-8F18-BADAF5885471}.Release|x64.ActiveCfg = Release|x64
		{D534E090-944A-4C79-8F18-BADAF5885471}.Release|x64.Build.0 = Release|x64
		{D534E090-944A-4C79-8F18-BADAF5885471}.Release|x86.ActiveCfg = Release|Win32
		{D534E090-944A-4C79-8F18-BADAF5885471}.Release|x86.Build.0 = Release|Win32
		{8980882F-B4B0-4CA9-9DB8-5B73876537C4}.Debug|x64.ActiveCfg = Debug|x64
		{8980882F-B4B0-4CA9-9DB8-5B73876537C4}.Debug|x64.Build.0 = Debug|x64
		{8980882F-B4B0-4CA9-9DB8-5B73876537C4}.Debug|x86.ActiveCfg = Debug|Win32
		{8980882F-B4B0-4CA9-9DB8-5B73876537C4}.Debug|x86.Build.0 = Debug|Win32
		{8980882F-B4B0-4CA9-9DB8-5B73876537C4}.Release|x64.ActiveCfg = Release|x64
		{8980882F-B4B0-4CA9-9DB8-5B73876537C4}.Release|x64.Build.0 = Release|x64
		{8980882F-B4B0-4CA9-9DB8-5B73876537C4}.Release|x86.ActiveCfg = Release|Win32
		{8980882F-B4B0-4CA9-9DB8-5B73876537C4}.Release|x86.Build.0 = Release|Win32
		{49A31103-DC4B-44BB-8199-1C2375E403A2}.Debug|x64.ActiveCfg = Debug|x64
		{49A31103-DC4B-44BB-8199-1C2375E403A2}.Debug|x64.Build.0 = Debug|x64
		{49A31103-DC4B-44BB-8199-1C2375E403A2}.Debug|x86.ActiveCfg = Debug|Win32
		{49A31103-DC4B-44BB-8199-1C2375E403A2}.Debug|x86.Build.0 = Debug|Win32
		{49A31103-DC4B-44BB-8199-1C2375E403A2}.Release|x64.ActiveCfg = Release|x64
		{49A31103-DC4B-44BB-8199-1C2375E403A2}.Release|x64.Build.0 = Release|x64
		{49A31103-DC4B-44BB-8199-1C2375E403A2}.Release|x86.ActiveCfg = Release|Win32
		{49A31103-DC4B-44BB-8199-1C2375E403A2}.Release|x86.Build.0 = Release|Win32
		{48C6424C-53DF-42D0-B01B-BFB3645F7F32}.Debug|x64.ActiveCfg = Debug|x64
		{48C6424C-53DF-42D0-B01B-BFB3645F7F32}.Debug|x64.Build.0 = Debug|x64
		{48C6424C-53DF-42D0-B01B-BFB3645F7F32}.Debug|x86.ActiveCfg = Debug|Win32
		{48C6424C-53DF-42D0-B01B-BFB3645F7F32}.Debug|x86.Build.0 = Debug|Win32
		{48C6424C-53DF-42D0-B01B-BFB3645F7F32}.Release|x64.ActiveCfg = Release|x64
		{48C6424C-53DF-42D0-B01B-BFB3645F7F32}.Release|x64.Build.0 = Release|x64
		{48C6424C-53DF-42D0-B01B-BFB3645F7F32}.Release|x86.ActiveCfg = Release|Win32
		{48C6424C-53DF-42D0-B01B-BFB3645F7F32}.Release|x86.Build.0 = Release|Win32
		{6D57299B-E8F0-4F3B-B75D-068C0261B15F}.Debug|x64.ActiveCfg = Debug|x64
		{6D57299B-E8F0-4F3B-B75D-068C0261B15F}.Debug|x64.Build.0 = Debug|x64
		{6D57299B-E8F0-4F3B-B75D-068C0261B15F}.Debug|x86.ActiveCfg = Debug|Win32
		{6D57299B-E8F0-4F3B-B75D-068C0261B15F}.Debug|x86.Build.0 = Debug|Win32
		{6D57299B-E8F0-4F3B-B75D-068C0261B15F}.Release|x64.ActiveCfg = Release|x64
		{6D57299B-E8F0-4F3B-B75D-068C0261B15F}.Release|x64.Build.0 = Release|x64
		{6D57299B-E8F0-4F3B-B75D-068C0261B15F}.Release|x86.ActiveCfg = Release|Win32
		{6D57299B-E8F0-4F3B-B75D-068C0261B15F}.Release|x86.Build.0 = Release|Win32
		{C3C0A69D-7E81-4BC4-BC65-6CA07DF7CCDA}.Debug|x64.ActiveCfg = Debug|x64
		{C3C0A69D-7E81-4BC4-BC65-6CA07DF7CCDA}.Debug|x64.Build.0 = Debug|x64
		{C3C0A69D-7E81-4BC4-BC65-6CA07DF7CCDA}.Debug|x86.ActiveCfg = Debug|Win32
		{C3C0A69D-7E81-4BC4-BC65-6CA07DF7CCDA}.Debug|x86.Build.0 = Debug|Win32
		{C3C0A69D-7E81-4BC4-BC65-6CA07DF7CCDA}.Release|x64.ActiveCfg = Release|x64
		{C3C0A69D-7E81-4BC4-BC65-6CA07DF7CCDA}.Release|x64.Build.0 = Release|x64
		{C3C0A69D-7E81-4BC4-BC65-6CA07DF7CCDA}.Release|x86.ActiveCfg = Release|Win32
		{C3C0A69D-7E81-4BC4-BC65-6CA07DF7CCDA}.Release|x86.Build.0 = Release|Win32
		{43B4B55D-99C0-41A0-8C14-E344656A1304}.Debug|x64.ActiveCfg = Debug|x64
		{43B4B55D-99C0-41A0-8C14-E344656A1304}.Debug|x64.Build.0 = Debug|x64
		{43B4B55D-99C0-41A0-8C14-E344656A1304}.Debug|x86.ActiveCfg = Debug|Win32
		{43B4B55D-99C0-41A0-8C14-E344656A1304}.Debug|x86.Build.0 = Debug|Win32
		{43B4B55D-99C0-41A0-8C14-E344656A1304}.Release|x64.ActiveCfg = Release|x64
		{43B4B55D-99C0-41A0-8C14-E344656A1304}.Release|x64.Build.0 = Release|x64
		{43B4B55D-99C0-41A0-8C14-E344656A1304}.Release|x86.ActiveCfg = Release|Win32
		{43B4B55D-99C0-41A0-8C14-E344656A1304}.Release|x86.Build.0 = Release|Win32
		{21B6BBD2-738E-4648-823D-B659ACE61680}.Debug|x64.ActiveCfg = Debug|x64
		{21B6BBD2-738E-4648-823D-B659ACE61680}.Debug|x64.Build.0 = Debug|x64
		{21B6BBD2-738E-4648-823D-B659ACE61680}.Debug|x86.ActiveCfg = Debug|Win32
		{21B6BBD2-738E-4648-823D-B659ACE61680}.Debug|x86.Build.0 = Debug|Win32
		{21B6BBD2-738E-4648-823D-B659ACE61680}.Release|x64.ActiveCfg = Release|x64
		{21B6BBD2-738E-4648-823D-B659ACE61680}.Release|x64.Build.0 = Release|x64
		{21B6BBD2-738E-4648-823D-B659ACE61680}.Release|x86.ActiveCfg = Release|Win32
		{21B6BBD2-738E-4648-823D-B659ACE61680}.Release|x86.Build.0 = Release|Win32
		{CDC6B4EB-59D2-4E2B-8A44-4E3BE0CD4250}.Debug|x64.ActiveCfg = Debug|x64
		{CDC6B4EB-59D2-4E2B-8A44-4E3BE0CD4250}.Debug|x64.Build.0 = Debug|x64
		{CDC6B4EB-59D2-4E2B-8A44-4E3BE0CD4250}.Debug|x86.ActiveCfg = Debug|Win32
		{CDC6B4EB-59D2-4E2B-8A44-4E3BE0CD4250}.Debug|x86.Build.0 = Debug|Win32
		{CDC6B4EB-59D2-4E2B-8A44-4E3BE0CD4250}.Release|x64.ActiveCfg = Release|x64
		{CDC6B4EB-59D2-4E2B-8A44-4E3BE0CD4250}.Release|x64.Build.0 = Release|x64
		{CDC6B4EB-59D2-4E2B-8A44-4E3BE0CD4250}.Release|x86.ActiveCfg = Release|Win32
		{CDC6B4EB-59D2-4E2B-8A44-4E3BE0CD4250}.Release|x86.Build.0 = Release|Win32
		{476AACE8-E8F8-4198-B968-EB5B1F7C40E1}.Debug|x64.ActiveCfg = Debug|x64
		{476AACE8-E8F8-4198-B968-EB5B1F7C40E1}.Debug|x64.Build.0 = Debug|x64
		{476AACE8-E8F8-4198-B968-EB5B1F7C40E1}.Debug|x86.ActiveCfg = Debug|Win32
		{476AACE8-E8F8-4198-B968-EB5B1F7C40E1}.Debug|x86.Build.0 = Debug|Win32
		{476AACE8-E8F8-4198-B968-EB5B1F7C40E1}.Release|x64.ActiveCfg = Release|x64
		{476AACE8-E8F8-4198-B968-EB5B1F7C40E1}.Release|x64.Build.0 = Release|x64
		{476AACE8-E8F8-4198-B968-EB5B1F7C40E1}.Release|x86.ActiveCfg = Release|Win32
		{476AACE8-E8F8-4198-B968-EB5B1F7C40E1}.Release|x86.Build.0 = Release|Win32
		{F10D4590-BF65-486C-9F40-B54110B90E13}.Debug|x64.ActiveCfg = Debug|x64
		{F10D4590-BF65-486C-9F40-B54110B90E13}.Debug|x64.Build.0 = Debug|x64
		{F10D4590-BF65-486C-9F40-B54110B90E13}.Debug|x86.ActiveCfg = Debug|Win32
		{F10D4590-BF65-486C-9F40-B54110B90E13}.Debug|x86.Build.0 = Debug|Win32
		{F10D4590-BF65-486C-9F40-B54110B90E13}.Release|x64.ActiveCfg = Release|x64
		{F10D4590-BF65-486C-9F40-B54110B90E13}.Release|x64.Build.0 = Release|x64
		{F10D4590-BF65-486C-9F40-B54110B90E13}.Release|x86.ActiveCfg = Release|Win32
		{F10D4590-BF65-486C-9F40-B54110B90E13}.Release|x86.Build.0 = Release|Win32
		{F86A1997-AE64-4A55-84D1-8E9D0A23F155}.Debug|x64.ActiveCfg = Debug|x64
		{F86A1997-AE64-4A55-84D1-8E9D0A23F155}.Debug|x64.Build.0 = Debug|x64
		{F86A1997-AE64-4A55-84D1-8E9D0A23F155}.Debug|x86.ActiveCfg = Debug|Win32
		{F86A1997-AE64-4A55-84D1-8E9D0A23F155}.Debug|x86.Build.0 = Debug|Win32
		{F86A1997-AE64-4A55-84D1-8E9D0A23F155}.Release|x64.ActiveCfg = Release|x64
		{F86A1997-AE64-4A55-84D1-8E9D0A23F155}.Release|x64.Build.0 = Release|x64
		{F86A1997-AE64-4A55-84D1-8E9D0A23F155}.Release|x86.ActiveCfg = Release|Win32
		{F86A1997-AE64-4A55-84D1-8E9D0A23F155}.Release|x86.Build.0 = Release|Win32
		{608914C3-FC00-45CE-8E77-0E42BF1EE9AF}.Debug|x64.ActiveCfg = Debug|x64
		{608914C3-FC00-45CE-8E77-0E42BF1EE9AF}.Debug|x64.Build.0 = Debug|x64
		{608914C3-FC00-45CE-8E77-0E42BF1EE9AF}.Debug|x86.ActiveCfg = Debug|Win32
		{608914C3-FC00-45CE-8E77-0E42BF1EE9AF}.Debug|x86.Build.0 = Debug|Win32
		{608914C3-FC00-45CE-8E77-0E42BF1EE9AF}.Release|x64.ActiveCfg = Release|x64
		{608914C3-FC00-45CE-8E77-0E42BF1EE9AF}.Release|x64.Build.0 = Release|x64
		{608914C3-FC00-45CE-8E77-0E42BF1EE9AF}.Release|x86.ActiveCfg = Release|Win32
		{608914C3-FC00-45CE-8E77-0E42BF1EE9AF}.Release|x86.Build.0 = Release|Win32
		{C236F57E-4E9E-4A6C-B18B-DB195447A3B8}.Debug|x64.ActiveCfg = Debug|x64
		{C236F57E-4E9E-4A6C-B18B-DB195447A3B8}.Debug|x64.Build.0 = Debug|x64
		{C236F57E-4E9E-4A6C-B18B-DB195447A3B8}.Debug|x86.ActiveCfg = Debug|Win32
		{C236F57E-4E9E-4A6C-B18B-DB195447A3B8}.Debug|x86.Build.0 = Debug|Win32
		{C236F57E-4E9E-4A6C-B18B-DB195447A3B8}.Release|x64.ActiveCfg = Release|x64
		{C236F57E-4E9E-4A6C-B18B-DB195447A3B8}.Release|x64.Build.0 = Release|x64
		{C236F57E-4E9E-4A6C-B18B-DB195447A3B8}.Release|x86.ActiveCfg = Release|Win32
		{C236F57E-4E9E-4A6C-B18B-DB195447A3B8}.Release|x86.Build.0 = Release|Win32
		{9CD61043-D3F9-4244-896F-4A6157EF181C}.Debug|x64.ActiveCfg = Debug|x64
		{9CD61043-D3F9-4244-896F-4A6157EF181C}.Debug|x64.Build.0 = Debug|x64
		{9CD61043-D3F9-4244-896F-4A6157EF181C}.Debug|x86.ActiveCfg = Debug|Win32
		{9CD61043-D3F9-4244-896F-4A6157EF181C}.Debug|x86.Build.0 = Debug|Win32
		{9CD61043-D3F9-4244-896F-4A6157EF181C}.Release|x64.ActiveCfg = Release|x64
		{9CD61043-D3F9-4244-896F-4A6157EF181C}.Release|x64.Build.0 = Release|x64
		{9CD61043-D3F9-4244-896F-4A6157EF181C}.Release|x86.ActiveCfg = Release|Win32
		{9CD61043-D3F9-4244-896F-4A6157EF181C}.Release|x86.Build.0 = Release|Win32
		{D4D2AB89-12E1-4FDB-8BC9-E1E7547EB7AE}.Debug|x64.ActiveCfg = Debug|x64
		{D4D2AB89-12E1-4FDB-8BC9-E1E7547EB7AE}.Debug|x64.Build.0 = Debug|x64
		{D4D2AB89-12E1-4FDB-8BC9-E1E7547EB7AE}.Debug|x86.ActiveCfg = Debug|Win32
		{D4D2AB89-12E1-4FDB-8BC9-E1E7547EB7AE}.Debug|x86.Build.0 = Debug|Win32
		{D4D2AB89-12E1-4FDB-8BC9-E1E7547EB7AE}.Release|x64.ActiveCfg = Release|x64
		{D4D2AB89-12E1-4FDB-8BC9-E1E7547EB7AE}.Release|x64.Build.0 = Release|x64
		{D4D2AB89-12E1-4FDB-8BC9-E1E7547EB7AE}.Release|x86.ActiveCfg = Release|Win32
		{D4D2AB89-12E1-4FDB-8BC9-E1E7547EB7AE}.Release|x86.Build.0 = Release|Win32
		{D0DDCC42-924C-423F-BA47-66F04C040EEB}.Debug|x64.ActiveCfg = Debug|x64
		{D0DDCC42-924C-423F-BA47-66F04C040EEB}.Debug|x64.Build.0 = Debug|x64
		{D0DDCC42-924C-423F-BA47-66F04C040EEB}.Debug|x86.ActiveCfg = Debug|Win32
		{D0DDCC42-924C-423F-BA47-66F04C040EEB}.Debug|x86.Build.0 = Debug|Win32
		{D0DDCC42-924C-423F-BA47-66F04C040EEB}.Release|x64.ActiveCfg = Release|x64
		{D0DDCC42-924C-423F-BA47-66F04C040EEB}.Release|x64.Build.0 = Release|x64
		{D0DDCC42-924C-423F-BA47-66F04C040EEB}.Release|x86.ActiveCfg = Release|Win32
		{D0DDCC42-924C-423F-BA47-66F04C040EEB}.Release|x86.Build.0 = Release|Win32
		{1B97D363-D2A5-4566-B9B8-B3ACF14DC235}.Debug|x64.ActiveCfg = Debug|x64
		{1B97D363-D2A5-4566-B9B8-B3ACF14DC235}.Debug|x64.Build.0 = Debug|x64
		{1B97D363-D2A5-4566-B9B8-B3ACF14DC235}.Debug|x86.ActiveCfg = Debug|Win32
		{1B97D363-D2A5-4566-B9B8-B3ACF14DC235}.Debug|x86.Build.0 = Debug|Win32
		{1B97D363-D2A5-4566-B9B8-B3ACF14DC235}.Release|x64.ActiveCfg = Release|x64
		{1B97D363-D2A5-4566-B9B8-B3ACF14DC235}.Release|x64.Build.0 = Release|x64
		{1B97D363-D2A5-4566-B9B8-B3ACF14DC235}.Release|x86.ActiveCfg = Release|Win32
		{1B97D363-D2A5-4566-B9B8-B3ACF14DC235}.Release|x86.Build.0 = Release|Win32
		{E0DD7B88-6A04-4F46-A7E4-7B14EAE1D954}.Debug|x64.ActiveCfg = Debug|x64
		{E0DD7B88-6A04-4F46-A7E4-7B14EAE1D954}.Debug|x64.Build.0 = Debug|x64
		{E0DD7B88-6A04-4F46-A7E4-7B14EAE1D954}.Debug|x86.ActiveCfg = Debug|Win32
		{E0DD7B88-6A04-4F46-A7E4-7B14EAE1D954}.Debug|x86.Build.0 = Debug|Win32
		{E0DD7B88-6A04-4F46-A7E4-7B14EAE1D954}.Release|x64.ActiveCfg = Release|x64
		{E0DD7B88-6A04-4F46-A7E4-7B14EAE1D954}.Release|x64.Build.0 = Release|x64
		{E0DD7B88-6A04-4F46-A7E4-7B14EAE1D954}.Release|x86.ActiveCfg = Release|Win32
		{E0DD7B88-6A04-4F46-A7E4-7B14EAE1D954}.Release|x86.Build.0 = Release|Win32
	EndGlobalSection
	GlobalSection(SolutionProperties) = preSolution
		HideSolutionNode = FALSE
	EndGlobalSection
	GlobalSection(ExtensibilityGlobals) = postSolution
		SolutionGuid = {BF6061D3-4B00-49F5-8FE9-F9E04DBC60DA}
	EndGlobalSection
EndGlobal
