
Microsoft Visual Studio Solution File, Format Version 12.00
# Visual Studio Version 17
VisualStudioVersion = 17.0.31903.59
MinimumVisualStudioVersion = 10.0.40219.1
Project("{8BC9CEB8-8B4A-11D0-8D11-00A0C91BC942}") = "LR-5-2", "..\LR-5-2\LR-5-2.vcxproj", "{AF13D493-3777-4E48-A05A-D084CA5F1148}"
EndProject
Project("{8BC9CEB8-8B4A-11D0-8D11-00A0C91BC942}") = "LR-5-1(1)", "..\LR-5-1(1)\LR-5-1(1).vcxproj", "{76043CDD-4FA0-46D1-9FE3-130DEADF152E}"
EndProject
Project("{8BC9CEB8-8B4A-11D0-8D11-00A0C91BC942}") = "DynamicLib", "..\..\..\Полезные штучки\Libs\DynamicLib\DynamicLib.vcxproj", "{9D444F9A-7085-4934-B04A-95AF4F74C3BC}"
EndProject
Project("{8BC9CEB8-8B4A-11D0-8D11-00A0C91BC942}") = "LR-5-3-1(dop)", "LR-5-3\LR-5-3.vcxproj", "{AD831B8D-A8BA-4E17-82FF-CA31A32A5A1D}"
EndProject
Project("{8BC9CEB8-8B4A-11D0-8D11-00A0C91BC942}") = "StaticLib", "StaticLib\StaticLib.vcxproj", "{AB7D1466-F427-43C3-8867-00E8C77FBDC1}"
EndProject
Project("{8BC9CEB8-8B4A-11D0-8D11-00A0C91BC942}") = "LR-5-3-3(dop)", "LR-5-3-2(dop)\LR-5-3-2(dop).vcxproj", "{01B4226F-D31B-44B9-8042-F4143E47DFD8}"
EndProject
Project("{8BC9CEB8-8B4A-11D0-8D11-00A0C91BC942}") = "LR-5-3-2(dop1)", "LR-5-3-2(dop1)\LR-5-3-2(dop1).vcxproj", "{A4B8B3F3-FEFA-45C6-A53A-2FD832B0A122}"
EndProject
Project("{8BC9CEB8-8B4A-11D0-8D11-00A0C91BC942}") = "LR-5-3-2-1(dop)", "LR-5-3-2-1(dop)\LR-5-3-2-1(dop).vcxproj", "{5BEDC0DE-CE7F-4916-969D-2625878D5139}"
EndProject
Project("{8BC9CEB8-8B4A-11D0-8D11-00A0C91BC942}") = "LR-5-3-2-2(dop)", "LR-5-3-2-2(dop)\LR-5-3-2-2(dop).vcxproj", "{6B6FFBD7-79FC-4121-B8BF-E795DCF4CA32}"
EndProject
Project("{8BC9CEB8-8B4A-11D0-8D11-00A0C91BC942}") = "LR-5-3-2-3(dop)", "LR-5-3-2-3\LR-5-3-2-3.vcxproj", "{5E457998-A9A4-4A09-BE75-89878E19DCD7}"
EndProject
Project("{8BC9CEB8-8B4A-11D0-8D11-00A0C91BC942}") = "Testforfirstdop", "Testforfirstdop\Testforfirstdop.vcxproj", "{1BA6AAB2-3E5A-4245-AE53-B44E678A9834}"
EndProject
Global
	GlobalSection(SolutionConfigurationPlatforms) = preSolution
		Debug|x64 = Debug|x64
		Debug|x86 = Debug|x86
		Release|x64 = Release|x64
		Release|x86 = Release|x86
	EndGlobalSection
	GlobalSection(ProjectConfigurationPlatforms) = postSolution
		{AF13D493-3777-4E48-A05A-D084CA5F1148}.Debug|x64.ActiveCfg = Debug|x64
		{AF13D493-3777-4E48-A05A-D084CA5F1148}.Debug|x64.Build.0 = Debug|x64
		{AF13D493-3777-4E48-A05A-D084CA5F1148}.Debug|x86.ActiveCfg = Debug|Win32
		{AF13D493-3777-4E48-A05A-D084CA5F1148}.Debug|x86.Build.0 = Debug|Win32
		{AF13D493-3777-4E48-A05A-D084CA5F1148}.Release|x64.ActiveCfg = Release|x64
		{AF13D493-3777-4E48-A05A-D084CA5F1148}.Release|x64.Build.0 = Release|x64
		{AF13D493-3777-4E48-A05A-D084CA5F1148}.Release|x86.ActiveCfg = Release|Win32
		{AF13D493-3777-4E48-A05A-D084CA5F1148}.Release|x86.Build.0 = Release|Win32
		{76043CDD-4FA0-46D1-9FE3-130DEADF152E}.Debug|x64.ActiveCfg = Debug|x64
		{76043CDD-4FA0-46D1-9FE3-130DEADF152E}.Debug|x64.Build.0 = Debug|x64
		{76043CDD-4FA0-46D1-9FE3-130DEADF152E}.Debug|x86.ActiveCfg = Debug|Win32
		{76043CDD-4FA0-46D1-9FE3-130DEADF152E}.Debug|x86.Build.0 = Debug|Win32
		{76043CDD-4FA0-46D1-9FE3-130DEADF152E}.Release|x64.ActiveCfg = Release|x64
		{76043CDD-4FA0-46D1-9FE3-130DEADF152E}.Release|x64.Build.0 = Release|x64
		{76043CDD-4FA0-46D1-9FE3-130DEADF152E}.Release|x86.ActiveCfg = Release|Win32
		{76043CDD-4FA0-46D1-9FE3-130DEADF152E}.Release|x86.Build.0 = Release|Win32
		{9D444F9A-7085-4934-B04A-95AF4F74C3BC}.Debug|x64.ActiveCfg = Debug|x64
		{9D444F9A-7085-4934-B04A-95AF4F74C3BC}.Debug|x64.Build.0 = Debug|x64
		{9D444F9A-7085-4934-B04A-95AF4F74C3BC}.Debug|x86.ActiveCfg = Debug|Win32
		{9D444F9A-7085-4934-B04A-95AF4F74C3BC}.Debug|x86.Build.0 = Debug|Win32
		{9D444F9A-7085-4934-B04A-95AF4F74C3BC}.Release|x64.ActiveCfg = Release|x64
		{9D444F9A-7085-4934-B04A-95AF4F74C3BC}.Release|x64.Build.0 = Release|x64
		{9D444F9A-7085-4934-B04A-95AF4F74C3BC}.Release|x86.ActiveCfg = Release|Win32
		{9D444F9A-7085-4934-B04A-95AF4F74C3BC}.Release|x86.Build.0 = Release|Win32
		{AD831B8D-A8BA-4E17-82FF-CA31A32A5A1D}.Debug|x64.ActiveCfg = Debug|x64
		{AD831B8D-A8BA-4E17-82FF-CA31A32A5A1D}.Debug|x64.Build.0 = Debug|x64
		{AD831B8D-A8BA-4E17-82FF-CA31A32A5A1D}.Debug|x86.ActiveCfg = Debug|Win32
		{AD831B8D-A8BA-4E17-82FF-CA31A32A5A1D}.Debug|x86.Build.0 = Debug|Win32
		{AD831B8D-A8BA-4E17-82FF-CA31A32A5A1D}.Release|x64.ActiveCfg = Release|x64
		{AD831B8D-A8BA-4E17-82FF-CA31A32A5A1D}.Release|x64.Build.0 = Release|x64
		{AD831B8D-A8BA-4E17-82FF-CA31A32A5A1D}.Release|x86.ActiveCfg = Release|Win32
		{AD831B8D-A8BA-4E17-82FF-CA31A32A5A1D}.Release|x86.Build.0 = Release|Win32
		{AB7D1466-F427-43C3-8867-00E8C77FBDC1}.Debug|x64.ActiveCfg = Debug|x64
		{AB7D1466-F427-43C3-8867-00E8C77FBDC1}.Debug|x64.Build.0 = Debug|x64
		{AB7D1466-F427-43C3-8867-00E8C77FBDC1}.Debug|x86.ActiveCfg = Debug|Win32
		{AB7D1466-F427-43C3-8867-00E8C77FBDC1}.Debug|x86.Build.0 = Debug|Win32
		{AB7D1466-F427-43C3-8867-00E8C77FBDC1}.Release|x64.ActiveCfg = Release|x64
		{AB7D1466-F427-43C3-8867-00E8C77FBDC1}.Release|x64.Build.0 = Release|x64
		{AB7D1466-F427-43C3-8867-00E8C77FBDC1}.Release|x86.ActiveCfg = Release|Win32
		{AB7D1466-F427-43C3-8867-00E8C77FBDC1}.Release|x86.Build.0 = Release|Win32
		{01B4226F-D31B-44B9-8042-F4143E47DFD8}.Debug|x64.ActiveCfg = Debug|x64
		{01B4226F-D31B-44B9-8042-F4143E47DFD8}.Debug|x64.Build.0 = Debug|x64
		{01B4226F-D31B-44B9-8042-F4143E47DFD8}.Debug|x86.ActiveCfg = Debug|Win32
		{01B4226F-D31B-44B9-8042-F4143E47DFD8}.Debug|x86.Build.0 = Debug|Win32
		{01B4226F-D31B-44B9-8042-F4143E47DFD8}.Release|x64.ActiveCfg = Release|x64
		{01B4226F-D31B-44B9-8042-F4143E47DFD8}.Release|x64.Build.0 = Release|x64
		{01B4226F-D31B-44B9-8042-F4143E47DFD8}.Release|x86.ActiveCfg = Release|Win32
		{01B4226F-D31B-44B9-8042-F4143E47DFD8}.Release|x86.Build.0 = Release|Win32
		{A4B8B3F3-FEFA-45C6-A53A-2FD832B0A122}.Debug|x64.ActiveCfg = Debug|x64
		{A4B8B3F3-FEFA-45C6-A53A-2FD832B0A122}.Debug|x64.Build.0 = Debug|x64
		{A4B8B3F3-FEFA-45C6-A53A-2FD832B0A122}.Debug|x86.ActiveCfg = Debug|Win32
		{A4B8B3F3-FEFA-45C6-A53A-2FD832B0A122}.Debug|x86.Build.0 = Debug|Win32
		{A4B8B3F3-FEFA-45C6-A53A-2FD832B0A122}.Release|x64.ActiveCfg = Release|x64
		{A4B8B3F3-FEFA-45C6-A53A-2FD832B0A122}.Release|x64.Build.0 = Release|x64
		{A4B8B3F3-FEFA-45C6-A53A-2FD832B0A122}.Release|x86.ActiveCfg = Release|Win32
		{A4B8B3F3-FEFA-45C6-A53A-2FD832B0A122}.Release|x86.Build.0 = Release|Win32
		{5BEDC0DE-CE7F-4916-969D-2625878D5139}.Debug|x64.ActiveCfg = Debug|x64
		{5BEDC0DE-CE7F-4916-969D-2625878D5139}.Debug|x64.Build.0 = Debug|x64
		{5BEDC0DE-CE7F-4916-969D-2625878D5139}.Debug|x86.ActiveCfg = Debug|Win32
		{5BEDC0DE-CE7F-4916-969D-2625878D5139}.Debug|x86.Build.0 = Debug|Win32
		{5BEDC0DE-CE7F-4916-969D-2625878D5139}.Release|x64.ActiveCfg = Release|x64
		{5BEDC0DE-CE7F-4916-969D-2625878D5139}.Release|x64.Build.0 = Release|x64
		{5BEDC0DE-CE7F-4916-969D-2625878D5139}.Release|x86.ActiveCfg = Release|Win32
		{5BEDC0DE-CE7F-4916-969D-2625878D5139}.Release|x86.Build.0 = Release|Win32
		{6B6FFBD7-79FC-4121-B8BF-E795DCF4CA32}.Debug|x64.ActiveCfg = Debug|x64
		{6B6FFBD7-79FC-4121-B8BF-E795DCF4CA32}.Debug|x64.Build.0 = Debug|x64
		{6B6FFBD7-79FC-4121-B8BF-E795DCF4CA32}.Debug|x86.ActiveCfg = Debug|Win32
		{6B6FFBD7-79FC-4121-B8BF-E795DCF4CA32}.Debug|x86.Build.0 = Debug|Win32
		{6B6FFBD7-79FC-4121-B8BF-E795DCF4CA32}.Release|x64.ActiveCfg = Release|x64
		{6B6FFBD7-79FC-4121-B8BF-E795DCF4CA32}.Release|x64.Build.0 = Release|x64
		{6B6FFBD7-79FC-4121-B8BF-E795DCF4CA32}.Release|x86.ActiveCfg = Release|Win32
		{6B6FFBD7-79FC-4121-B8BF-E795DCF4CA32}.Release|x86.Build.0 = Release|Win32
		{5E457998-A9A4-4A09-BE75-89878E19DCD7}.Debug|x64.ActiveCfg = Debug|x64
		{5E457998-A9A4-4A09-BE75-89878E19DCD7}.Debug|x64.Build.0 = Debug|x64
		{5E457998-A9A4-4A09-BE75-89878E19DCD7}.Debug|x86.ActiveCfg = Debug|Win32
		{5E457998-A9A4-4A09-BE75-89878E19DCD7}.Debug|x86.Build.0 = Debug|Win32
		{5E457998-A9A4-4A09-BE75-89878E19DCD7}.Release|x64.ActiveCfg = Release|x64
		{5E457998-A9A4-4A09-BE75-89878E19DCD7}.Release|x64.Build.0 = Release|x64
		{5E457998-A9A4-4A09-BE75-89878E19DCD7}.Release|x86.ActiveCfg = Release|Win32
		{5E457998-A9A4-4A09-BE75-89878E19DCD7}.Release|x86.Build.0 = Release|Win32
		{1BA6AAB2-3E5A-4245-AE53-B44E678A9834}.Debug|x64.ActiveCfg = Debug|x64
		{1BA6AAB2-3E5A-4245-AE53-B44E678A9834}.Debug|x64.Build.0 = Debug|x64
		{1BA6AAB2-3E5A-4245-AE53-B44E678A9834}.Debug|x86.ActiveCfg = Debug|Win32
		{1BA6AAB2-3E5A-4245-AE53-B44E678A9834}.Debug|x86.Build.0 = Debug|Win32
		{1BA6AAB2-3E5A-4245-AE53-B44E678A9834}.Release|x64.ActiveCfg = Release|x64
		{1BA6AAB2-3E5A-4245-AE53-B44E678A9834}.Release|x64.Build.0 = Release|x64
		{1BA6AAB2-3E5A-4245-AE53-B44E678A9834}.Release|x86.ActiveCfg = Release|Win32
		{1BA6AAB2-3E5A-4245-AE53-B44E678A9834}.Release|x86.Build.0 = Release|Win32
	EndGlobalSection
	GlobalSection(SolutionProperties) = preSolution
		HideSolutionNode = FALSE
	EndGlobalSection
	GlobalSection(ExtensibilityGlobals) = postSolution
		SolutionGuid = {CD49ADBE-AC8B-461A-8104-B9A8A91399BE}
	EndGlobalSection
EndGlobal
